
Microsoft Visual Studio Solution File, Format Version 11.00
# Visual Studio 2010
Project("{8BC9CEB8-8B4A-11D0-8D11-00A0C91BC942}") = "App_BulletExampleBrowser", "App_BulletExampleBrowser.vcxproj", "{92DB63CA-C5D9-3F41-804D-2FC9726C4601}"
	ProjectSection(ProjectDependencies) = postProject
		{B216E51A-D119-524F-8C2B-EECC1FEF3087} = {B216E51A-D119-524F-8C2B-EECC1FEF3087}
		{5D906A30-348F-E649-A796-924A4C450B46} = {5D906A30-348F-E649-A796-924A4C450B46}
		{703ABE2E-E564-9948-B778-D7D01F59ECFC} = {703ABE2E-E564-9948-B778-D7D01F59ECFC}
		{9BF75162-CF1C-684C-99BD-85E6652AF18E} = {9BF75162-CF1C-684C-99BD-85E6652AF18E}
		{5F9B3154-FFF0-0B4B-8241-2BFABA7EDC68} = {5F9B3154-FFF0-0B4B-8241-2BFABA7EDC68}
		{EAEFB7D9-FE51-EA4F-8EE3-900C4231BD92} = {EAEFB7D9-FE51-EA4F-8EE3-900C4231BD92}
		{7C62FC75-E165-8F47-AA58-F268ACD07E43} = {7C62FC75-E165-8F47-AA58-F268ACD07E43}
		{C8DF71F5-E686-5541-BF0E-6D8D4D925C12} = {C8DF71F5-E686-5541-BF0E-6D8D4D925C12}
		{4EBEE4FA-2BC1-6941-8011-4BFC9D3C7D4A} = {4EBEE4FA-2BC1-6941-8011-4BFC9D3C7D4A}
		{E857B144-8FC7-BD4C-BC64-28BE2B4E6F70} = {E857B144-8FC7-BD4C-BC64-28BE2B4E6F70}
		{B1DD4ED6-9932-F948-BABE-C275FA9CE29A} = {B1DD4ED6-9932-F948-BABE-C275FA9CE29A}
		{116C85B7-CC52-624C-8F83-C5ACAB4DE54C} = {116C85B7-CC52-624C-8F83-C5ACAB4DE54C}
		{B004DCE4-D005-C644-B21B-300E099C8637} = {B004DCE4-D005-C644-B21B-300E099C8637}
		{4F89B744-2D62-DA46-BC5F-50785D11DCA1} = {4F89B744-2D62-DA46-BC5F-50785D11DCA1}
		{5CE64877-2C15-EC47-B1F5-57D22C77B057} = {5CE64877-2C15-EC47-B1F5-57D22C77B057}
	EndProjectSection
EndProject
Project("{8BC9CEB8-8B4A-11D0-8D11-00A0C91BC942}") = "BulletExampleBrowserLib", "BulletExampleBrowserLib.vcxproj", "{B216E51A-D119-524F-8C2B-EECC1FEF3087}"
EndProject
Project("{8BC9CEB8-8B4A-11D0-8D11-00A0C91BC942}") = "App_RobotSimulator", "App_RobotSimulator.vcxproj", "{7960092B-E09F-1244-A328-C36F67AD1A08}"
	ProjectSection(ProjectDependencies) = postProject
		{A6136B2D-1C5E-8E49-802A-62964D4F9197} = {A6136B2D-1C5E-8E49-802A-62964D4F9197}
		{B216E51A-D119-524F-8C2B-EECC1FEF3087} = {B216E51A-D119-524F-8C2B-EECC1FEF3087}
		{5D906A30-348F-E649-A796-924A4C450B46} = {5D906A30-348F-E649-A796-924A4C450B46}
		{703ABE2E-E564-9948-B778-D7D01F59ECFC} = {703ABE2E-E564-9948-B778-D7D01F59ECFC}
		{81E635E9-6144-F044-8387-DFF0AC006F1C} = {81E635E9-6144-F044-8387-DFF0AC006F1C}
		{6A7773F0-1A51-384A-B1C9-B9C5087D8B78} = {6A7773F0-1A51-384A-B1C9-B9C5087D8B78}
		{9BF75162-CF1C-684C-99BD-85E6652AF18E} = {9BF75162-CF1C-684C-99BD-85E6652AF18E}
		{5F9B3154-FFF0-0B4B-8241-2BFABA7EDC68} = {5F9B3154-FFF0-0B4B-8241-2BFABA7EDC68}
		{EAEFB7D9-FE51-EA4F-8EE3-900C4231BD92} = {EAEFB7D9-FE51-EA4F-8EE3-900C4231BD92}
		{7C62FC75-E165-8F47-AA58-F268ACD07E43} = {7C62FC75-E165-8F47-AA58-F268ACD07E43}
		{C8DF71F5-E686-5541-BF0E-6D8D4D925C12} = {C8DF71F5-E686-5541-BF0E-6D8D4D925C12}
		{4EBEE4FA-2BC1-6941-8011-4BFC9D3C7D4A} = {4EBEE4FA-2BC1-6941-8011-4BFC9D3C7D4A}
		{B1DD4ED6-9932-F948-BABE-C275FA9CE29A} = {B1DD4ED6-9932-F948-BABE-C275FA9CE29A}
		{43876D2D-481F-824F-8D8E-1CC63A453FE8} = {43876D2D-481F-824F-8D8E-1CC63A453FE8}
		{EB03DC9D-2B51-DC4C-85E9-63C2A57EB9AF} = {EB03DC9D-2B51-DC4C-85E9-63C2A57EB9AF}
	EndProjectSection
EndProject
Project("{8BC9CEB8-8B4A-11D0-8D11-00A0C91BC942}") = "App_HelloBulletRobotics", "App_HelloBulletRobotics.vcxproj", "{B9A62677-DC4A-BF44-AFC3-7B692B947E08}"
	ProjectSection(ProjectDependencies) = postProject
		{A6136B2D-1C5E-8E49-802A-62964D4F9197} = {A6136B2D-1C5E-8E49-802A-62964D4F9197}
		{81E635E9-6144-F044-8387-DFF0AC006F1C} = {81E635E9-6144-F044-8387-DFF0AC006F1C}
		{6A7773F0-1A51-384A-B1C9-B9C5087D8B78} = {6A7773F0-1A51-384A-B1C9-B9C5087D8B78}
		{9BF75162-CF1C-684C-99BD-85E6652AF18E} = {9BF75162-CF1C-684C-99BD-85E6652AF18E}
		{5F9B3154-FFF0-0B4B-8241-2BFABA7EDC68} = {5F9B3154-FFF0-0B4B-8241-2BFABA7EDC68}
		{EAEFB7D9-FE51-EA4F-8EE3-900C4231BD92} = {EAEFB7D9-FE51-EA4F-8EE3-900C4231BD92}
		{7C62FC75-E165-8F47-AA58-F268ACD07E43} = {7C62FC75-E165-8F47-AA58-F268ACD07E43}
		{C8DF71F5-E686-5541-BF0E-6D8D4D925C12} = {C8DF71F5-E686-5541-BF0E-6D8D4D925C12}
		{4EBEE4FA-2BC1-6941-8011-4BFC9D3C7D4A} = {4EBEE4FA-2BC1-6941-8011-4BFC9D3C7D4A}
		{B1DD4ED6-9932-F948-BABE-C275FA9CE29A} = {B1DD4ED6-9932-F948-BABE-C275FA9CE29A}
		{43876D2D-481F-824F-8D8E-1CC63A453FE8} = {43876D2D-481F-824F-8D8E-1CC63A453FE8}
		{EB03DC9D-2B51-DC4C-85E9-63C2A57EB9AF} = {EB03DC9D-2B51-DC4C-85E9-63C2A57EB9AF}
	EndProjectSection
EndProject
Project("{8BC9CEB8-8B4A-11D0-8D11-00A0C91BC942}") = "OpenGL_Window", "OpenGL_Window.vcxproj", "{703ABE2E-E564-9948-B778-D7D01F59ECFC}"
EndProject
Project("{8BC9CEB8-8B4A-11D0-8D11-00A0C91BC942}") = "gwen", "gwen.vcxproj", "{5D906A30-348F-E649-A796-924A4C450B46}"
EndProject
Project("{8BC9CEB8-8B4A-11D0-8D11-00A0C91BC942}") = "App_HelloWorld", "App_HelloWorld.vcxproj", "{EAB6C19B-1B14-604F-9140-4577E7FFE579}"
	ProjectSection(ProjectDependencies) = postProject
		{7C62FC75-E165-8F47-AA58-F268ACD07E43} = {7C62FC75-E165-8F47-AA58-F268ACD07E43}
		{C8DF71F5-E686-5541-BF0E-6D8D4D925C12} = {C8DF71F5-E686-5541-BF0E-6D8D4D925C12}
		{4EBEE4FA-2BC1-6941-8011-4BFC9D3C7D4A} = {4EBEE4FA-2BC1-6941-8011-4BFC9D3C7D4A}
	EndProjectSection
EndProject
Project("{8BC9CEB8-8B4A-11D0-8D11-00A0C91BC942}") = "App_PhysicsServer_SharedMemory", "App_PhysicsServer_SharedMemory.vcxproj", "{99E3F7A4-C71B-9C4A-B730-814A419A6DAB}"
	ProjectSection(ProjectDependencies) = postProject
		{9BF75162-CF1C-684C-99BD-85E6652AF18E} = {9BF75162-CF1C-684C-99BD-85E6652AF18E}
		{B1DD4ED6-9932-F948-BABE-C275FA9CE29A} = {B1DD4ED6-9932-F948-BABE-C275FA9CE29A}
		{5F9B3154-FFF0-0B4B-8241-2BFABA7EDC68} = {5F9B3154-FFF0-0B4B-8241-2BFABA7EDC68}
		{EAEFB7D9-FE51-EA4F-8EE3-900C4231BD92} = {EAEFB7D9-FE51-EA4F-8EE3-900C4231BD92}
		{7C62FC75-E165-8F47-AA58-F268ACD07E43} = {7C62FC75-E165-8F47-AA58-F268ACD07E43}
		{C8DF71F5-E686-5541-BF0E-6D8D4D925C12} = {C8DF71F5-E686-5541-BF0E-6D8D4D925C12}
		{4EBEE4FA-2BC1-6941-8011-4BFC9D3C7D4A} = {4EBEE4FA-2BC1-6941-8011-4BFC9D3C7D4A}
		{E857B144-8FC7-BD4C-BC64-28BE2B4E6F70} = {E857B144-8FC7-BD4C-BC64-28BE2B4E6F70}
	EndProjectSection
EndProject
Project("{8BC9CEB8-8B4A-11D0-8D11-00A0C91BC942}") = "App_PhysicsServer_SharedMemory_GUI", "App_PhysicsServer_SharedMemory_GUI.vcxproj", "{052C32E3-9894-4043-B389-522931CAA3AD}"
	ProjectSection(ProjectDependencies) = postProject
		{9BF75162-CF1C-684C-99BD-85E6652AF18E} = {9BF75162-CF1C-684C-99BD-85E6652AF18E}
		{5F9B3154-FFF0-0B4B-8241-2BFABA7EDC68} = {5F9B3154-FFF0-0B4B-8241-2BFABA7EDC68}
		{EAEFB7D9-FE51-EA4F-8EE3-900C4231BD92} = {EAEFB7D9-FE51-EA4F-8EE3-900C4231BD92}
		{7C62FC75-E165-8F47-AA58-F268ACD07E43} = {7C62FC75-E165-8F47-AA58-F268ACD07E43}
		{C8DF71F5-E686-5541-BF0E-6D8D4D925C12} = {C8DF71F5-E686-5541-BF0E-6D8D4D925C12}
		{4EBEE4FA-2BC1-6941-8011-4BFC9D3C7D4A} = {4EBEE4FA-2BC1-6941-8011-4BFC9D3C7D4A}
		{703ABE2E-E564-9948-B778-D7D01F59ECFC} = {703ABE2E-E564-9948-B778-D7D01F59ECFC}
		{B1DD4ED6-9932-F948-BABE-C275FA9CE29A} = {B1DD4ED6-9932-F948-BABE-C275FA9CE29A}
		{E857B144-8FC7-BD4C-BC64-28BE2B4E6F70} = {E857B144-8FC7-BD4C-BC64-28BE2B4E6F70}
	EndProjectSection
EndProject
Project("{8BC9CEB8-8B4A-11D0-8D11-00A0C91BC942}") = "App_PhysicsServer_SharedMemory_VR", "App_PhysicsServer_SharedMemory_VR.vcxproj", "{E415125F-BB57-3E4A-89D6-9F3AAFAC0C56}"
	ProjectSection(ProjectDependencies) = postProject
		{9BF75162-CF1C-684C-99BD-85E6652AF18E} = {9BF75162-CF1C-684C-99BD-85E6652AF18E}
		{5F9B3154-FFF0-0B4B-8241-2BFABA7EDC68} = {5F9B3154-FFF0-0B4B-8241-2BFABA7EDC68}
		{EAEFB7D9-FE51-EA4F-8EE3-900C4231BD92} = {EAEFB7D9-FE51-EA4F-8EE3-900C4231BD92}
		{B1DD4ED6-9932-F948-BABE-C275FA9CE29A} = {B1DD4ED6-9932-F948-BABE-C275FA9CE29A}
		{7C62FC75-E165-8F47-AA58-F268ACD07E43} = {7C62FC75-E165-8F47-AA58-F268ACD07E43}
		{C8DF71F5-E686-5541-BF0E-6D8D4D925C12} = {C8DF71F5-E686-5541-BF0E-6D8D4D925C12}
		{4EBEE4FA-2BC1-6941-8011-4BFC9D3C7D4A} = {4EBEE4FA-2BC1-6941-8011-4BFC9D3C7D4A}
		{703ABE2E-E564-9948-B778-D7D01F59ECFC} = {703ABE2E-E564-9948-B778-D7D01F59ECFC}
		{E857B144-8FC7-BD4C-BC64-28BE2B4E6F70} = {E857B144-8FC7-BD4C-BC64-28BE2B4E6F70}
	EndProjectSection
EndProject
Project("{8BC9CEB8-8B4A-11D0-8D11-00A0C91BC942}") = "App_PhysicsServerSharedMemoryBridgeUDP", "App_PhysicsServerSharedMemoryBridgeUDP.vcxproj", "{470ACC9F-942F-CA45-B2E9-6746E632A56C}"
	ProjectSection(ProjectDependencies) = postProject
		{43876D2D-481F-824F-8D8E-1CC63A453FE8} = {43876D2D-481F-824F-8D8E-1CC63A453FE8}
		{81E635E9-6144-F044-8387-DFF0AC006F1C} = {81E635E9-6144-F044-8387-DFF0AC006F1C}
		{B1DD4ED6-9932-F948-BABE-C275FA9CE29A} = {B1DD4ED6-9932-F948-BABE-C275FA9CE29A}
		{4EBEE4FA-2BC1-6941-8011-4BFC9D3C7D4A} = {4EBEE4FA-2BC1-6941-8011-4BFC9D3C7D4A}
	EndProjectSection
EndProject
Project("{8BC9CEB8-8B4A-11D0-8D11-00A0C91BC942}") = "App_PhysicsServerUDP", "App_PhysicsServerUDP.vcxproj", "{9A421974-98E8-6B4A-AA45-C6839E4A9F6E}"
	ProjectSection(ProjectDependencies) = postProject
		{43876D2D-481F-824F-8D8E-1CC63A453FE8} = {43876D2D-481F-824F-8D8E-1CC63A453FE8}
		{B1DD4ED6-9932-F948-BABE-C275FA9CE29A} = {B1DD4ED6-9932-F948-BABE-C275FA9CE29A}
		{5F9B3154-FFF0-0B4B-8241-2BFABA7EDC68} = {5F9B3154-FFF0-0B4B-8241-2BFABA7EDC68}
		{EAEFB7D9-FE51-EA4F-8EE3-900C4231BD92} = {EAEFB7D9-FE51-EA4F-8EE3-900C4231BD92}
		{9BF75162-CF1C-684C-99BD-85E6652AF18E} = {9BF75162-CF1C-684C-99BD-85E6652AF18E}
		{7C62FC75-E165-8F47-AA58-F268ACD07E43} = {7C62FC75-E165-8F47-AA58-F268ACD07E43}
		{C8DF71F5-E686-5541-BF0E-6D8D4D925C12} = {C8DF71F5-E686-5541-BF0E-6D8D4D925C12}
		{4EBEE4FA-2BC1-6941-8011-4BFC9D3C7D4A} = {4EBEE4FA-2BC1-6941-8011-4BFC9D3C7D4A}
		{E857B144-8FC7-BD4C-BC64-28BE2B4E6F70} = {E857B144-8FC7-BD4C-BC64-28BE2B4E6F70}
	EndProjectSection
EndProject
Project("{8BC9CEB8-8B4A-11D0-8D11-00A0C91BC942}") = "App_PhysicsServerSharedMemoryBridgeTCP", "App_PhysicsServerSharedMemoryBridgeTCP.vcxproj", "{6C7C4109-44C1-FF4E-A5BF-3DA9A17F1FD8}"
	ProjectSection(ProjectDependencies) = postProject
		{EB03DC9D-2B51-DC4C-85E9-63C2A57EB9AF} = {EB03DC9D-2B51-DC4C-85E9-63C2A57EB9AF}
		{81E635E9-6144-F044-8387-DFF0AC006F1C} = {81E635E9-6144-F044-8387-DFF0AC006F1C}
		{B1DD4ED6-9932-F948-BABE-C275FA9CE29A} = {B1DD4ED6-9932-F948-BABE-C275FA9CE29A}
		{4EBEE4FA-2BC1-6941-8011-4BFC9D3C7D4A} = {4EBEE4FA-2BC1-6941-8011-4BFC9D3C7D4A}
	EndProjectSection
EndProject
Project("{8BC9CEB8-8B4A-11D0-8D11-00A0C91BC942}") = "App_PhysicsServerTCP", "App_PhysicsServerTCP.vcxproj", "{A6FBF1C0-F96E-B34D-9165-53E62DFCF372}"
	ProjectSection(ProjectDependencies) = postProject
		{EB03DC9D-2B51-DC4C-85E9-63C2A57EB9AF} = {EB03DC9D-2B51-DC4C-85E9-63C2A57EB9AF}
		{B1DD4ED6-9932-F948-BABE-C275FA9CE29A} = {B1DD4ED6-9932-F948-BABE-C275FA9CE29A}
		{5F9B3154-FFF0-0B4B-8241-2BFABA7EDC68} = {5F9B3154-FFF0-0B4B-8241-2BFABA7EDC68}
		{EAEFB7D9-FE51-EA4F-8EE3-900C4231BD92} = {EAEFB7D9-FE51-EA4F-8EE3-900C4231BD92}
		{9BF75162-CF1C-684C-99BD-85E6652AF18E} = {9BF75162-CF1C-684C-99BD-85E6652AF18E}
		{7C62FC75-E165-8F47-AA58-F268ACD07E43} = {7C62FC75-E165-8F47-AA58-F268ACD07E43}
		{C8DF71F5-E686-5541-BF0E-6D8D4D925C12} = {C8DF71F5-E686-5541-BF0E-6D8D4D925C12}
		{4EBEE4FA-2BC1-6941-8011-4BFC9D3C7D4A} = {4EBEE4FA-2BC1-6941-8011-4BFC9D3C7D4A}
		{E857B144-8FC7-BD4C-BC64-28BE2B4E6F70} = {E857B144-8FC7-BD4C-BC64-28BE2B4E6F70}
	EndProjectSection
EndProject
Project("{8BC9CEB8-8B4A-11D0-8D11-00A0C91BC942}") = "pybullet_testplugin", "pybullet_testplugin.vcxproj", "{152BD6F6-3BC6-EB4D-B8E5-D3D129568CAE}"
	ProjectSection(ProjectDependencies) = postProject
		{81E635E9-6144-F044-8387-DFF0AC006F1C} = {81E635E9-6144-F044-8387-DFF0AC006F1C}
		{B1DD4ED6-9932-F948-BABE-C275FA9CE29A} = {B1DD4ED6-9932-F948-BABE-C275FA9CE29A}
		{4EBEE4FA-2BC1-6941-8011-4BFC9D3C7D4A} = {4EBEE4FA-2BC1-6941-8011-4BFC9D3C7D4A}
	EndProjectSection
EndProject
Project("{8BC9CEB8-8B4A-11D0-8D11-00A0C91BC942}") = "pybullet_vrSyncPlugin", "pybullet_vrSyncPlugin.vcxproj", "{163CEAFA-3022-314B-A61A-3CFAD108FE90}"
	ProjectSection(ProjectDependencies) = postProject
		{81E635E9-6144-F044-8387-DFF0AC006F1C} = {81E635E9-6144-F044-8387-DFF0AC006F1C}
		{B1DD4ED6-9932-F948-BABE-C275FA9CE29A} = {B1DD4ED6-9932-F948-BABE-C275FA9CE29A}
		{4EBEE4FA-2BC1-6941-8011-4BFC9D3C7D4A} = {4EBEE4FA-2BC1-6941-8011-4BFC9D3C7D4A}
	EndProjectSection
EndProject
Project("{8BC9CEB8-8B4A-11D0-8D11-00A0C91BC942}") = "pybullet_tinyRendererPlugin", "pybullet_tinyRendererPlugin.vcxproj", "{127FA5C1-DD1B-854E-98AE-F4714EABAD93}"
	ProjectSection(ProjectDependencies) = postProject
		{C8DF71F5-E686-5541-BF0E-6D8D4D925C12} = {C8DF71F5-E686-5541-BF0E-6D8D4D925C12}
		{B1DD4ED6-9932-F948-BABE-C275FA9CE29A} = {B1DD4ED6-9932-F948-BABE-C275FA9CE29A}
		{4EBEE4FA-2BC1-6941-8011-4BFC9D3C7D4A} = {4EBEE4FA-2BC1-6941-8011-4BFC9D3C7D4A}
	EndProjectSection
EndProject
Project("{8BC9CEB8-8B4A-11D0-8D11-00A0C91BC942}") = "pybullet_pdControlPlugin", "pybullet_pdControlPlugin.vcxproj", "{E2E883AD-D32D-AC40-B5D3-BDD15CEEF90B}"
	ProjectSection(ProjectDependencies) = postProject
		{81E635E9-6144-F044-8387-DFF0AC006F1C} = {81E635E9-6144-F044-8387-DFF0AC006F1C}
		{B1DD4ED6-9932-F948-BABE-C275FA9CE29A} = {B1DD4ED6-9932-F948-BABE-C275FA9CE29A}
		{4EBEE4FA-2BC1-6941-8011-4BFC9D3C7D4A} = {4EBEE4FA-2BC1-6941-8011-4BFC9D3C7D4A}
	EndProjectSection
EndProject
Project("{8BC9CEB8-8B4A-11D0-8D11-00A0C91BC942}") = "pybullet_collisionFilterPlugin", "pybullet_collisionFilterPlugin.vcxproj", "{4F24A622-DACF-AE45-BFBB-23176062EA4D}"
	ProjectSection(ProjectDependencies) = postProject
		{81E635E9-6144-F044-8387-DFF0AC006F1C} = {81E635E9-6144-F044-8387-DFF0AC006F1C}
		{B1DD4ED6-9932-F948-BABE-C275FA9CE29A} = {B1DD4ED6-9932-F948-BABE-C275FA9CE29A}
		{4EBEE4FA-2BC1-6941-8011-4BFC9D3C7D4A} = {4EBEE4FA-2BC1-6941-8011-4BFC9D3C7D4A}
	EndProjectSection
EndProject
Project("{8BC9CEB8-8B4A-11D0-8D11-00A0C91BC942}") = "BussIK", "BussIK.vcxproj", "{E857B144-8FC7-BD4C-BC64-28BE2B4E6F70}"
EndProject
Project("{8BC9CEB8-8B4A-11D0-8D11-00A0C91BC942}") = "pybullet", "pybullet.vcxproj", "{33346D1B-1473-B04B-B4EF-CE4873116DFA}"
	ProjectSection(ProjectDependencies) = postProject
		{B216E51A-D119-524F-8C2B-EECC1FEF3087} = {B216E51A-D119-524F-8C2B-EECC1FEF3087}
		{5D906A30-348F-E649-A796-924A4C450B46} = {5D906A30-348F-E649-A796-924A4C450B46}
		{81E635E9-6144-F044-8387-DFF0AC006F1C} = {81E635E9-6144-F044-8387-DFF0AC006F1C}
		{6A7773F0-1A51-384A-B1C9-B9C5087D8B78} = {6A7773F0-1A51-384A-B1C9-B9C5087D8B78}
		{703ABE2E-E564-9948-B778-D7D01F59ECFC} = {703ABE2E-E564-9948-B778-D7D01F59ECFC}
		{9BF75162-CF1C-684C-99BD-85E6652AF18E} = {9BF75162-CF1C-684C-99BD-85E6652AF18E}
		{5F9B3154-FFF0-0B4B-8241-2BFABA7EDC68} = {5F9B3154-FFF0-0B4B-8241-2BFABA7EDC68}
		{EAEFB7D9-FE51-EA4F-8EE3-900C4231BD92} = {EAEFB7D9-FE51-EA4F-8EE3-900C4231BD92}
		{7C62FC75-E165-8F47-AA58-F268ACD07E43} = {7C62FC75-E165-8F47-AA58-F268ACD07E43}
		{C8DF71F5-E686-5541-BF0E-6D8D4D925C12} = {C8DF71F5-E686-5541-BF0E-6D8D4D925C12}
		{4EBEE4FA-2BC1-6941-8011-4BFC9D3C7D4A} = {4EBEE4FA-2BC1-6941-8011-4BFC9D3C7D4A}
		{E857B144-8FC7-BD4C-BC64-28BE2B4E6F70} = {E857B144-8FC7-BD4C-BC64-28BE2B4E6F70}
		{B1DD4ED6-9932-F948-BABE-C275FA9CE29A} = {B1DD4ED6-9932-F948-BABE-C275FA9CE29A}
		{116C85B7-CC52-624C-8F83-C5ACAB4DE54C} = {116C85B7-CC52-624C-8F83-C5ACAB4DE54C}
		{B004DCE4-D005-C644-B21B-300E099C8637} = {B004DCE4-D005-C644-B21B-300E099C8637}
		{4F89B744-2D62-DA46-BC5F-50785D11DCA1} = {4F89B744-2D62-DA46-BC5F-50785D11DCA1}
		{5CE64877-2C15-EC47-B1F5-57D22C77B057} = {5CE64877-2C15-EC47-B1F5-57D22C77B057}
		{43876D2D-481F-824F-8D8E-1CC63A453FE8} = {43876D2D-481F-824F-8D8E-1CC63A453FE8}
		{EB03DC9D-2B51-DC4C-85E9-63C2A57EB9AF} = {EB03DC9D-2B51-DC4C-85E9-63C2A57EB9AF}
	EndProjectSection
EndProject
Project("{8BC9CEB8-8B4A-11D0-8D11-00A0C91BC942}") = "App_SimpleOpenGL3", "App_SimpleOpenGL3.vcxproj", "{5CBD9CB4-76EF-4C45-AABF-9887A1CE63FD}"
	ProjectSection(ProjectDependencies) = postProject
		{703ABE2E-E564-9948-B778-D7D01F59ECFC} = {703ABE2E-E564-9948-B778-D7D01F59ECFC}
		{B1DD4ED6-9932-F948-BABE-C275FA9CE29A} = {B1DD4ED6-9932-F948-BABE-C275FA9CE29A}
	EndProjectSection
EndProject
Project("{8BC9CEB8-8B4A-11D0-8D11-00A0C91BC942}") = "Test_SharedMemoryPhysicsClient", "Test_SharedMemoryPhysicsClient.vcxproj", "{EF3603DA-7641-E948-ABAA-B8AF39486389}"
	ProjectSection(ProjectDependencies) = postProject
		{81E635E9-6144-F044-8387-DFF0AC006F1C} = {81E635E9-6144-F044-8387-DFF0AC006F1C}
		{B1DD4ED6-9932-F948-BABE-C275FA9CE29A} = {B1DD4ED6-9932-F948-BABE-C275FA9CE29A}
		{4EBEE4FA-2BC1-6941-8011-4BFC9D3C7D4A} = {4EBEE4FA-2BC1-6941-8011-4BFC9D3C7D4A}
	EndProjectSection
EndProject
Project("{8BC9CEB8-8B4A-11D0-8D11-00A0C91BC942}") = "Test_PhysicsClientUDP", "Test_PhysicsClientUDP.vcxproj", "{04159672-3920-1D4C-90A0-4D40A33CEC2B}"
	ProjectSection(ProjectDependencies) = postProject
		{43876D2D-481F-824F-8D8E-1CC63A453FE8} = {43876D2D-481F-824F-8D8E-1CC63A453FE8}
		{81E635E9-6144-F044-8387-DFF0AC006F1C} = {81E635E9-6144-F044-8387-DFF0AC006F1C}
		{B1DD4ED6-9932-F948-BABE-C275FA9CE29A} = {B1DD4ED6-9932-F948-BABE-C275FA9CE29A}
		{4EBEE4FA-2BC1-6941-8011-4BFC9D3C7D4A} = {4EBEE4FA-2BC1-6941-8011-4BFC9D3C7D4A}
	EndProjectSection
EndProject
Project("{8BC9CEB8-8B4A-11D0-8D11-00A0C91BC942}") = "Test_PhysicsClientTCP", "Test_PhysicsClientTCP.vcxproj", "{C5E72149-27A9-914D-BC80-FFAD234F19CA}"
	ProjectSection(ProjectDependencies) = postProject
		{EB03DC9D-2B51-DC4C-85E9-63C2A57EB9AF} = {EB03DC9D-2B51-DC4C-85E9-63C2A57EB9AF}
		{81E635E9-6144-F044-8387-DFF0AC006F1C} = {81E635E9-6144-F044-8387-DFF0AC006F1C}
		{B1DD4ED6-9932-F948-BABE-C275FA9CE29A} = {B1DD4ED6-9932-F948-BABE-C275FA9CE29A}
		{4EBEE4FA-2BC1-6941-8011-4BFC9D3C7D4A} = {4EBEE4FA-2BC1-6941-8011-4BFC9D3C7D4A}
	EndProjectSection
EndProject
Project("{8BC9CEB8-8B4A-11D0-8D11-00A0C91BC942}") = "Test_PhysicsServerLoopBack", "Test_PhysicsServerLoopBack.vcxproj", "{BC6BDB82-157F-A043-A31F-665C99418988}"
	ProjectSection(ProjectDependencies) = postProject
		{5F9B3154-FFF0-0B4B-8241-2BFABA7EDC68} = {5F9B3154-FFF0-0B4B-8241-2BFABA7EDC68}
		{EAEFB7D9-FE51-EA4F-8EE3-900C4231BD92} = {EAEFB7D9-FE51-EA4F-8EE3-900C4231BD92}
		{81E635E9-6144-F044-8387-DFF0AC006F1C} = {81E635E9-6144-F044-8387-DFF0AC006F1C}
		{6A7773F0-1A51-384A-B1C9-B9C5087D8B78} = {6A7773F0-1A51-384A-B1C9-B9C5087D8B78}
		{B1DD4ED6-9932-F948-BABE-C275FA9CE29A} = {B1DD4ED6-9932-F948-BABE-C275FA9CE29A}
		{7C62FC75-E165-8F47-AA58-F268ACD07E43} = {7C62FC75-E165-8F47-AA58-F268ACD07E43}
		{C8DF71F5-E686-5541-BF0E-6D8D4D925C12} = {C8DF71F5-E686-5541-BF0E-6D8D4D925C12}
		{E857B144-8FC7-BD4C-BC64-28BE2B4E6F70} = {E857B144-8FC7-BD4C-BC64-28BE2B4E6F70}
		{4EBEE4FA-2BC1-6941-8011-4BFC9D3C7D4A} = {4EBEE4FA-2BC1-6941-8011-4BFC9D3C7D4A}
	EndProjectSection
EndProject
Project("{8BC9CEB8-8B4A-11D0-8D11-00A0C91BC942}") = "Test_PhysicsServerDirect", "Test_PhysicsServerDirect.vcxproj", "{277C40DE-11D6-7C4F-BFE0-B0A7891A7E85}"
	ProjectSection(ProjectDependencies) = postProject
		{5F9B3154-FFF0-0B4B-8241-2BFABA7EDC68} = {5F9B3154-FFF0-0B4B-8241-2BFABA7EDC68}
		{EAEFB7D9-FE51-EA4F-8EE3-900C4231BD92} = {EAEFB7D9-FE51-EA4F-8EE3-900C4231BD92}
		{81E635E9-6144-F044-8387-DFF0AC006F1C} = {81E635E9-6144-F044-8387-DFF0AC006F1C}
		{6A7773F0-1A51-384A-B1C9-B9C5087D8B78} = {6A7773F0-1A51-384A-B1C9-B9C5087D8B78}
		{B1DD4ED6-9932-F948-BABE-C275FA9CE29A} = {B1DD4ED6-9932-F948-BABE-C275FA9CE29A}
		{7C62FC75-E165-8F47-AA58-F268ACD07E43} = {7C62FC75-E165-8F47-AA58-F268ACD07E43}
		{C8DF71F5-E686-5541-BF0E-6D8D4D925C12} = {C8DF71F5-E686-5541-BF0E-6D8D4D925C12}
		{E857B144-8FC7-BD4C-BC64-28BE2B4E6F70} = {E857B144-8FC7-BD4C-BC64-28BE2B4E6F70}
		{4EBEE4FA-2BC1-6941-8011-4BFC9D3C7D4A} = {4EBEE4FA-2BC1-6941-8011-4BFC9D3C7D4A}
	EndProjectSection
EndProject
Project("{8BC9CEB8-8B4A-11D0-8D11-00A0C91BC942}") = "Test_PhysicsServerInProcessExampleBrowser", "Test_PhysicsServerInProcessExampleBrowser.vcxproj", "{19753261-F868-4A40-A7FF-0C5FB6B32F7B}"
	ProjectSection(ProjectDependencies) = postProject
		{B216E51A-D119-524F-8C2B-EECC1FEF3087} = {B216E51A-D119-524F-8C2B-EECC1FEF3087}
		{5D906A30-348F-E649-A796-924A4C450B46} = {5D906A30-348F-E649-A796-924A4C450B46}
		{703ABE2E-E564-9948-B778-D7D01F59ECFC} = {703ABE2E-E564-9948-B778-D7D01F59ECFC}
		{81E635E9-6144-F044-8387-DFF0AC006F1C} = {81E635E9-6144-F044-8387-DFF0AC006F1C}
		{6A7773F0-1A51-384A-B1C9-B9C5087D8B78} = {6A7773F0-1A51-384A-B1C9-B9C5087D8B78}
		{9BF75162-CF1C-684C-99BD-85E6652AF18E} = {9BF75162-CF1C-684C-99BD-85E6652AF18E}
		{5F9B3154-FFF0-0B4B-8241-2BFABA7EDC68} = {5F9B3154-FFF0-0B4B-8241-2BFABA7EDC68}
		{EAEFB7D9-FE51-EA4F-8EE3-900C4231BD92} = {EAEFB7D9-FE51-EA4F-8EE3-900C4231BD92}
		{7C62FC75-E165-8F47-AA58-F268ACD07E43} = {7C62FC75-E165-8F47-AA58-F268ACD07E43}
		{C8DF71F5-E686-5541-BF0E-6D8D4D925C12} = {C8DF71F5-E686-5541-BF0E-6D8D4D925C12}
		{4EBEE4FA-2BC1-6941-8011-4BFC9D3C7D4A} = {4EBEE4FA-2BC1-6941-8011-4BFC9D3C7D4A}
		{E857B144-8FC7-BD4C-BC64-28BE2B4E6F70} = {E857B144-8FC7-BD4C-BC64-28BE2B4E6F70}
		{B1DD4ED6-9932-F948-BABE-C275FA9CE29A} = {B1DD4ED6-9932-F948-BABE-C275FA9CE29A}
		{116C85B7-CC52-624C-8F83-C5ACAB4DE54C} = {116C85B7-CC52-624C-8F83-C5ACAB4DE54C}
		{B004DCE4-D005-C644-B21B-300E099C8637} = {B004DCE4-D005-C644-B21B-300E099C8637}
		{4F89B744-2D62-DA46-BC5F-50785D11DCA1} = {4F89B744-2D62-DA46-BC5F-50785D11DCA1}
		{5CE64877-2C15-EC47-B1F5-57D22C77B057} = {5CE64877-2C15-EC47-B1F5-57D22C77B057}
	EndProjectSection
EndProject
Project("{8BC9CEB8-8B4A-11D0-8D11-00A0C91BC942}") = "rtMidiTest", "rtMidiTest.vcxproj", "{62E43ABB-920A-CF4D-BE2A-B823304A4256}"
EndProject
Project("{8BC9CEB8-8B4A-11D0-8D11-00A0C91BC942}") = "clsocket", "clsocket.vcxproj", "{EB03DC9D-2B51-DC4C-85E9-63C2A57EB9AF}"
EndProject
Project("{8BC9CEB8-8B4A-11D0-8D11-00A0C91BC942}") = "Test_clsocket_EchoServer", "Test_clsocket_EchoServer.vcxproj", "{AB46BA5E-25E7-5649-8906-BC1CC8763DF9}"
	ProjectSection(ProjectDependencies) = postProject
		{EB03DC9D-2B51-DC4C-85E9-63C2A57EB9AF} = {EB03DC9D-2B51-DC4C-85E9-63C2A57EB9AF}
	EndProjectSection
EndProject
Project("{8BC9CEB8-8B4A-11D0-8D11-00A0C91BC942}") = "Test_clsocket_QueryDayTime", "Test_clsocket_QueryDayTime.vcxproj", "{22D15213-3F46-B549-BCFC-859265745EA3}"
	ProjectSection(ProjectDependencies) = postProject
		{EB03DC9D-2B51-DC4C-85E9-63C2A57EB9AF} = {EB03DC9D-2B51-DC4C-85E9-63C2A57EB9AF}
	EndProjectSection
EndProject
Project("{8BC9CEB8-8B4A-11D0-8D11-00A0C91BC942}") = "enet", "enet.vcxproj", "{43876D2D-481F-824F-8D8E-1CC63A453FE8}"
EndProject
Project("{8BC9CEB8-8B4A-11D0-8D11-00A0C91BC942}") = "Test_enet_nat_punchthrough_client", "Test_enet_nat_punchthrough_client.vcxproj", "{39B7CD21-3F47-264A-BCCD-9BDED051F9D8}"
	ProjectSection(ProjectDependencies) = postProject
		{43876D2D-481F-824F-8D8E-1CC63A453FE8} = {43876D2D-481F-824F-8D8E-1CC63A453FE8}
	EndProjectSection
EndProject
Project("{8BC9CEB8-8B4A-11D0-8D11-00A0C91BC942}") = "Test_enet_nat_punchthrough_server", "Test_enet_nat_punchthrough_server.vcxproj", "{119CB630-E81B-E748-906E-2ECCA28E405F}"
	ProjectSection(ProjectDependencies) = postProject
		{43876D2D-481F-824F-8D8E-1CC63A453FE8} = {43876D2D-481F-824F-8D8E-1CC63A453FE8}
	EndProjectSection
EndProject
Project("{8BC9CEB8-8B4A-11D0-8D11-00A0C91BC942}") = "Test_enet_chat_client", "Test_enet_chat_client.vcxproj", "{024FA44F-653A-634C-8E7C-E445BBFE8F18}"
	ProjectSection(ProjectDependencies) = postProject
		{43876D2D-481F-824F-8D8E-1CC63A453FE8} = {43876D2D-481F-824F-8D8E-1CC63A453FE8}
	EndProjectSection
EndProject
Project("{8BC9CEB8-8B4A-11D0-8D11-00A0C91BC942}") = "Test_enet_chat_server", "Test_enet_chat_server.vcxproj", "{DB66EBC5-4445-834A-833F-E7F8FE40EF6A}"
	ProjectSection(ProjectDependencies) = postProject
		{43876D2D-481F-824F-8D8E-1CC63A453FE8} = {43876D2D-481F-824F-8D8E-1CC63A453FE8}
	EndProjectSection
EndProject
Project("{8BC9CEB8-8B4A-11D0-8D11-00A0C91BC942}") = "Bullet3Common", "Bullet3Common.vcxproj", "{B1DD4ED6-9932-F948-BABE-C275FA9CE29A}"
EndProject
Project("{8BC9CEB8-8B4A-11D0-8D11-00A0C91BC942}") = "Bullet3Geometry", "Bullet3Geometry.vcxproj", "{5CE64877-2C15-EC47-B1F5-57D22C77B057}"
EndProject
Project("{8BC9CEB8-8B4A-11D0-8D11-00A0C91BC942}") = "Bullet3Collision", "Bullet3Collision.vcxproj", "{4F89B744-2D62-DA46-BC5F-50785D11DCA1}"
EndProject
Project("{8BC9CEB8-8B4A-11D0-8D11-00A0C91BC942}") = "Bullet3Dynamics", "Bullet3Dynamics.vcxproj", "{B004DCE4-D005-C644-B21B-300E099C8637}"
EndProject
Project("{8BC9CEB8-8B4A-11D0-8D11-00A0C91BC942}") = "Bullet3OpenCL_clew", "Bullet3OpenCL_clew.vcxproj", "{116C85B7-CC52-624C-8F83-C5ACAB4DE54C}"
EndProject
Project("{8BC9CEB8-8B4A-11D0-8D11-00A0C91BC942}") = "Bullet2FileLoader", "Bullet2FileLoader.vcxproj", "{3B19203B-7A25-D94E-8BCA-D8D8DB75E34A}"
EndProject
Project("{8BC9CEB8-8B4A-11D0-8D11-00A0C91BC942}") = "HACD", "HACD.vcxproj", "{F11155EF-FAFA-9E44-B441-5FFC52F15C35}"
EndProject
Project("{8BC9CEB8-8B4A-11D0-8D11-00A0C91BC942}") = "vhacd", "vhacd.vcxproj", "{941A8BE7-C47F-3649-8CA3-129CA841AD70}"
EndProject
Project("{8BC9CEB8-8B4A-11D0-8D11-00A0C91BC942}") = "test_vhacd", "test_vhacd.vcxproj", "{50E5CF75-C0AD-9F49-B522-A0AA04193F9C}"
	ProjectSection(ProjectDependencies) = postProject
		{941A8BE7-C47F-3649-8CA3-129CA841AD70} = {941A8BE7-C47F-3649-8CA3-129CA841AD70}
	EndProjectSection
EndProject
Project("{8BC9CEB8-8B4A-11D0-8D11-00A0C91BC942}") = "ConvexDecomposition", "ConvexDecomposition.vcxproj", "{7287C5A7-CA71-824A-9EDB-2FD2243D94D9}"
EndProject
Project("{8BC9CEB8-8B4A-11D0-8D11-00A0C91BC942}") = "BulletInverseDynamicsUtils", "BulletInverseDynamicsUtils.vcxproj", "{5F9B3154-FFF0-0B4B-8241-2BFABA7EDC68}"
EndProject
Project("{8BC9CEB8-8B4A-11D0-8D11-00A0C91BC942}") = "BulletFileLoader", "BulletFileLoader.vcxproj", "{81E635E9-6144-F044-8387-DFF0AC006F1C}"
EndProject
Project("{8BC9CEB8-8B4A-11D0-8D11-00A0C91BC942}") = "BulletWorldImporter", "BulletWorldImporter.vcxproj", "{6A7773F0-1A51-384A-B1C9-B9C5087D8B78}"
EndProject
Project("{8BC9CEB8-8B4A-11D0-8D11-00A0C91BC942}") = "BulletXmlWorldImporter", "BulletXmlWorldImporter.vcxproj", "{1D0AFD4A-FAB5-9942-A6D5-D539C7858ED8}"
EndProject
Project("{8BC9CEB8-8B4A-11D0-8D11-00A0C91BC942}") = "App_obj2sdf", "App_obj2sdf.vcxproj", "{5620F8A6-4D08-2F4A-9BE2-BFAFA90F7C09}"
	ProjectSection(ProjectDependencies) = postProject
		{B1DD4ED6-9932-F948-BABE-C275FA9CE29A} = {B1DD4ED6-9932-F948-BABE-C275FA9CE29A}
	EndProjectSection
EndProject
Project("{8BC9CEB8-8B4A-11D0-8D11-00A0C91BC942}") = "BulletRobotics", "BulletRobotics.vcxproj", "{A6136B2D-1C5E-8E49-802A-62964D4F9197}"
	ProjectSection(ProjectDependencies) = postProject
		{B216E51A-D119-524F-8C2B-EECC1FEF3087} = {B216E51A-D119-524F-8C2B-EECC1FEF3087}
		{5D906A30-348F-E649-A796-924A4C450B46} = {5D906A30-348F-E649-A796-924A4C450B46}
		{81E635E9-6144-F044-8387-DFF0AC006F1C} = {81E635E9-6144-F044-8387-DFF0AC006F1C}
		{6A7773F0-1A51-384A-B1C9-B9C5087D8B78} = {6A7773F0-1A51-384A-B1C9-B9C5087D8B78}
		{703ABE2E-E564-9948-B778-D7D01F59ECFC} = {703ABE2E-E564-9948-B778-D7D01F59ECFC}
		{9BF75162-CF1C-684C-99BD-85E6652AF18E} = {9BF75162-CF1C-684C-99BD-85E6652AF18E}
		{5F9B3154-FFF0-0B4B-8241-2BFABA7EDC68} = {5F9B3154-FFF0-0B4B-8241-2BFABA7EDC68}
		{EAEFB7D9-FE51-EA4F-8EE3-900C4231BD92} = {EAEFB7D9-FE51-EA4F-8EE3-900C4231BD92}
		{7C62FC75-E165-8F47-AA58-F268ACD07E43} = {7C62FC75-E165-8F47-AA58-F268ACD07E43}
		{C8DF71F5-E686-5541-BF0E-6D8D4D925C12} = {C8DF71F5-E686-5541-BF0E-6D8D4D925C12}
		{4EBEE4FA-2BC1-6941-8011-4BFC9D3C7D4A} = {4EBEE4FA-2BC1-6941-8011-4BFC9D3C7D4A}
		{E857B144-8FC7-BD4C-BC64-28BE2B4E6F70} = {E857B144-8FC7-BD4C-BC64-28BE2B4E6F70}
		{B1DD4ED6-9932-F948-BABE-C275FA9CE29A} = {B1DD4ED6-9932-F948-BABE-C275FA9CE29A}
		{43876D2D-481F-824F-8D8E-1CC63A453FE8} = {43876D2D-481F-824F-8D8E-1CC63A453FE8}
		{EB03DC9D-2B51-DC4C-85E9-63C2A57EB9AF} = {EB03DC9D-2B51-DC4C-85E9-63C2A57EB9AF}
	EndProjectSection
EndProject
Project("{8BC9CEB8-8B4A-11D0-8D11-00A0C91BC942}") = "Test_LinearMath", "Test_LinearMath.vcxproj", "{ED851FE8-9BE4-2846-9BDB-E00C3D4F8CBF}"
	ProjectSection(ProjectDependencies) = postProject
		{7C62FC75-E165-8F47-AA58-F268ACD07E43} = {7C62FC75-E165-8F47-AA58-F268ACD07E43}
		{C8DF71F5-E686-5541-BF0E-6D8D4D925C12} = {C8DF71F5-E686-5541-BF0E-6D8D4D925C12}
		{4EBEE4FA-2BC1-6941-8011-4BFC9D3C7D4A} = {4EBEE4FA-2BC1-6941-8011-4BFC9D3C7D4A}
	EndProjectSection
EndProject
Project("{8BC9CEB8-8B4A-11D0-8D11-00A0C91BC942}") = "gtest", "gtest.vcxproj", "{EC81771C-12FE-5F4E-AAA4-5D2775EE97B2}"
EndProject
Project("{8BC9CEB8-8B4A-11D0-8D11-00A0C91BC942}") = "Test_BulletCollision", "Test_BulletCollision.vcxproj", "{E3C73B5D-45A3-074D-B773-1BC8715EECCC}"
	ProjectSection(ProjectDependencies) = postProject
		{4EBEE4FA-2BC1-6941-8011-4BFC9D3C7D4A} = {4EBEE4FA-2BC1-6941-8011-4BFC9D3C7D4A}
		{EC81771C-12FE-5F4E-AAA4-5D2775EE97B2} = {EC81771C-12FE-5F4E-AAA4-5D2775EE97B2}
	EndProjectSection
EndProject
Project("{8BC9CEB8-8B4A-11D0-8D11-00A0C91BC942}") = "Test_BulletDynamics", "Test_BulletDynamics.vcxproj", "{ABC58CFC-2331-C04E-8B34-D54CCA812ED8}"
	ProjectSection(ProjectDependencies) = postProject
		{7C62FC75-E165-8F47-AA58-F268ACD07E43} = {7C62FC75-E165-8F47-AA58-F268ACD07E43}
		{C8DF71F5-E686-5541-BF0E-6D8D4D925C12} = {C8DF71F5-E686-5541-BF0E-6D8D4D925C12}
		{4EBEE4FA-2BC1-6941-8011-4BFC9D3C7D4A} = {4EBEE4FA-2BC1-6941-8011-4BFC9D3C7D4A}
		{EC81771C-12FE-5F4E-AAA4-5D2775EE97B2} = {EC81771C-12FE-5F4E-AAA4-5D2775EE97B2}
	EndProjectSection
EndProject
Project("{8BC9CEB8-8B4A-11D0-8D11-00A0C91BC942}") = "Test_InverseDynamicsKinematics", "Test_InverseDynamicsKinematics.vcxproj", "{3AD836BF-AE0A-8842-85FC-DF441285C9E1}"
	ProjectSection(ProjectDependencies) = postProject
		{5F9B3154-FFF0-0B4B-8241-2BFABA7EDC68} = {5F9B3154-FFF0-0B4B-8241-2BFABA7EDC68}
		{EAEFB7D9-FE51-EA4F-8EE3-900C4231BD92} = {EAEFB7D9-FE51-EA4F-8EE3-900C4231BD92}
		{B1DD4ED6-9932-F948-BABE-C275FA9CE29A} = {B1DD4ED6-9932-F948-BABE-C275FA9CE29A}
		{4EBEE4FA-2BC1-6941-8011-4BFC9D3C7D4A} = {4EBEE4FA-2BC1-6941-8011-4BFC9D3C7D4A}
		{EC81771C-12FE-5F4E-AAA4-5D2775EE97B2} = {EC81771C-12FE-5F4E-AAA4-5D2775EE97B2}
	EndProjectSection
EndProject
Project("{8BC9CEB8-8B4A-11D0-8D11-00A0C91BC942}") = "Test_InverseDynamicsJacobian", "Test_InverseDynamicsJacobian.vcxproj", "{A8B89AA8-3C8E-D244-A57E-BA359E80FE4B}"
	ProjectSection(ProjectDependencies) = postProject
		{5F9B3154-FFF0-0B4B-8241-2BFABA7EDC68} = {5F9B3154-FFF0-0B4B-8241-2BFABA7EDC68}
		{EAEFB7D9-FE51-EA4F-8EE3-900C4231BD92} = {EAEFB7D9-FE51-EA4F-8EE3-900C4231BD92}
		{B1DD4ED6-9932-F948-BABE-C275FA9CE29A} = {B1DD4ED6-9932-F948-BABE-C275FA9CE29A}
		{4EBEE4FA-2BC1-6941-8011-4BFC9D3C7D4A} = {4EBEE4FA-2BC1-6941-8011-4BFC9D3C7D4A}
		{EC81771C-12FE-5F4E-AAA4-5D2775EE97B2} = {EC81771C-12FE-5F4E-AAA4-5D2775EE97B2}
	EndProjectSection
EndProject
Project("{8BC9CEB8-8B4A-11D0-8D11-00A0C91BC942}") = "Test_InverseForwardDynamics", "Test_InverseForwardDynamics.vcxproj", "{30B681DB-8877-7742-AA10-1F1B6718F5AC}"
	ProjectSection(ProjectDependencies) = postProject
		{7C62FC75-E165-8F47-AA58-F268ACD07E43} = {7C62FC75-E165-8F47-AA58-F268ACD07E43}
		{C8DF71F5-E686-5541-BF0E-6D8D4D925C12} = {C8DF71F5-E686-5541-BF0E-6D8D4D925C12}
		{5F9B3154-FFF0-0B4B-8241-2BFABA7EDC68} = {5F9B3154-FFF0-0B4B-8241-2BFABA7EDC68}
		{EAEFB7D9-FE51-EA4F-8EE3-900C4231BD92} = {EAEFB7D9-FE51-EA4F-8EE3-900C4231BD92}
		{B1DD4ED6-9932-F948-BABE-C275FA9CE29A} = {B1DD4ED6-9932-F948-BABE-C275FA9CE29A}
		{4EBEE4FA-2BC1-6941-8011-4BFC9D3C7D4A} = {4EBEE4FA-2BC1-6941-8011-4BFC9D3C7D4A}
		{EC81771C-12FE-5F4E-AAA4-5D2775EE97B2} = {EC81771C-12FE-5F4E-AAA4-5D2775EE97B2}
	EndProjectSection
EndProject
Project("{8BC9CEB8-8B4A-11D0-8D11-00A0C91BC942}") = "Test_OpenCL_Bullet3", "Test_OpenCL_Bullet3.vcxproj", "{5B93DE13-041C-214A-B6E1-8764452B0680}"
	ProjectSection(ProjectDependencies) = postProject
		{EC81771C-12FE-5F4E-AAA4-5D2775EE97B2} = {EC81771C-12FE-5F4E-AAA4-5D2775EE97B2}
		{116C85B7-CC52-624C-8F83-C5ACAB4DE54C} = {116C85B7-CC52-624C-8F83-C5ACAB4DE54C}
		{B1DD4ED6-9932-F948-BABE-C275FA9CE29A} = {B1DD4ED6-9932-F948-BABE-C275FA9CE29A}
	EndProjectSection
EndProject
Project("{8BC9CEB8-8B4A-11D0-8D11-00A0C91BC942}") = "Test_Gwen_OpenGL", "Test_Gwen_OpenGL.vcxproj", "{40F1943D-05AF-8B42-9AB3-089AB6AA831E}"
	ProjectSection(ProjectDependencies) = postProject
		{5D906A30-348F-E649-A796-924A4C450B46} = {5D906A30-348F-E649-A796-924A4C450B46}
		{B1DD4ED6-9932-F948-BABE-C275FA9CE29A} = {B1DD4ED6-9932-F948-BABE-C275FA9CE29A}
	EndProjectSection
EndProject
Project("{8BC9CEB8-8B4A-11D0-8D11-00A0C91BC942}") = "BulletInverseDynamics", "BulletInverseDynamics.vcxproj", "{EAEFB7D9-FE51-EA4F-8EE3-900C4231BD92}"
EndProject
Project("{8BC9CEB8-8B4A-11D0-8D11-00A0C91BC942}") = "BulletSoftBody", "BulletSoftBody.vcxproj", "{9BF75162-CF1C-684C-99BD-85E6652AF18E}"
EndProject
Project("{8BC9CEB8-8B4A-11D0-8D11-00A0C91BC942}") = "BulletDynamics", "BulletDynamics.vcxproj", "{7C62FC75-E165-8F47-AA58-F268ACD07E43}"
EndProject
Project("{8BC9CEB8-8B4A-11D0-8D11-00A0C91BC942}") = "BulletCollision", "BulletCollision.vcxproj", "{C8DF71F5-E686-5541-BF0E-6D8D4D925C12}"
EndProject
Project("{8BC9CEB8-8B4A-11D0-8D11-00A0C91BC942}") = "LinearMath", "LinearMath.vcxproj", "{4EBEE4FA-2BC1-6941-8011-4BFC9D3C7D4A}"
EndProject
Global
	GlobalSection(SolutionConfigurationPlatforms) = preSolution
		Release|Win32 = Release|Win32
		Release|x64 = Release|x64
		Debug|Win32 = Debug|Win32
		Debug|x64 = Debug|x64
	EndGlobalSection
	GlobalSection(ProjectConfigurationPlatforms) = postSolution
		{92DB63CA-C5D9-3F41-804D-2FC9726C4601}.Release|Win32.ActiveCfg = Release|Win32
		{92DB63CA-C5D9-3F41-804D-2FC9726C4601}.Release|Win32.Build.0 = Release|Win32
		{92DB63CA-C5D9-3F41-804D-2FC9726C4601}.Release|x64.ActiveCfg = Release|x64
		{92DB63CA-C5D9-3F41-804D-2FC9726C4601}.Release|x64.Build.0 = Release|x64
		{92DB63CA-C5D9-3F41-804D-2FC9726C4601}.Debug|Win32.ActiveCfg = Debug|Win32
		{92DB63CA-C5D9-3F41-804D-2FC9726C4601}.Debug|Win32.Build.0 = Debug|Win32
		{92DB63CA-C5D9-3F41-804D-2FC9726C4601}.Debug|x64.ActiveCfg = Debug|x64
		{92DB63CA-C5D9-3F41-804D-2FC9726C4601}.Debug|x64.Build.0 = Debug|x64
		{B216E51A-D119-524F-8C2B-EECC1FEF3087}.Release|Win32.ActiveCfg = Release|Win32
		{B216E51A-D119-524F-8C2B-EECC1FEF3087}.Release|Win32.Build.0 = Release|Win32
		{B216E51A-D119-524F-8C2B-EECC1FEF3087}.Release|x64.ActiveCfg = Release|x64
		{B216E51A-D119-524F-8C2B-EECC1FEF3087}.Release|x64.Build.0 = Release|x64
		{B216E51A-D119-524F-8C2B-EECC1FEF3087}.Debug|Win32.ActiveCfg = Debug|Win32
		{B216E51A-D119-524F-8C2B-EECC1FEF3087}.Debug|Win32.Build.0 = Debug|Win32
		{B216E51A-D119-524F-8C2B-EECC1FEF3087}.Debug|x64.ActiveCfg = Debug|x64
		{B216E51A-D119-524F-8C2B-EECC1FEF3087}.Debug|x64.Build.0 = Debug|x64
		{7960092B-E09F-1244-A328-C36F67AD1A08}.Release|Win32.ActiveCfg = Release|Win32
		{7960092B-E09F-1244-A328-C36F67AD1A08}.Release|Win32.Build.0 = Release|Win32
		{7960092B-E09F-1244-A328-C36F67AD1A08}.Release|x64.ActiveCfg = Release|x64
		{7960092B-E09F-1244-A328-C36F67AD1A08}.Release|x64.Build.0 = Release|x64
		{7960092B-E09F-1244-A328-C36F67AD1A08}.Debug|Win32.ActiveCfg = Debug|Win32
		{7960092B-E09F-1244-A328-C36F67AD1A08}.Debug|Win32.Build.0 = Debug|Win32
		{7960092B-E09F-1244-A328-C36F67AD1A08}.Debug|x64.ActiveCfg = Debug|x64
		{7960092B-E09F-1244-A328-C36F67AD1A08}.Debug|x64.Build.0 = Debug|x64
		{B9A62677-DC4A-BF44-AFC3-7B692B947E08}.Release|Win32.ActiveCfg = Release|Win32
		{B9A62677-DC4A-BF44-AFC3-7B692B947E08}.Release|Win32.Build.0 = Release|Win32
		{B9A62677-DC4A-BF44-AFC3-7B692B947E08}.Release|x64.ActiveCfg = Release|x64
		{B9A62677-DC4A-BF44-AFC3-7B692B947E08}.Release|x64.Build.0 = Release|x64
		{B9A62677-DC4A-BF44-AFC3-7B692B947E08}.Debug|Win32.ActiveCfg = Debug|Win32
		{B9A62677-DC4A-BF44-AFC3-7B692B947E08}.Debug|Win32.Build.0 = Debug|Win32
		{B9A62677-DC4A-BF44-AFC3-7B692B947E08}.Debug|x64.ActiveCfg = Debug|x64
		{B9A62677-DC4A-BF44-AFC3-7B692B947E08}.Debug|x64.Build.0 = Debug|x64
		{703ABE2E-E564-9948-B778-D7D01F59ECFC}.Release|Win32.ActiveCfg = Release|Win32
		{703ABE2E-E564-9948-B778-D7D01F59ECFC}.Release|Win32.Build.0 = Release|Win32
		{703ABE2E-E564-9948-B778-D7D01F59ECFC}.Release|x64.ActiveCfg = Release|x64
		{703ABE2E-E564-9948-B778-D7D01F59ECFC}.Release|x64.Build.0 = Release|x64
		{703ABE2E-E564-9948-B778-D7D01F59ECFC}.Debug|Win32.ActiveCfg = Debug|Win32
		{703ABE2E-E564-9948-B778-D7D01F59ECFC}.Debug|Win32.Build.0 = Debug|Win32
		{703ABE2E-E564-9948-B778-D7D01F59ECFC}.Debug|x64.ActiveCfg = Debug|x64
		{703ABE2E-E564-9948-B778-D7D01F59ECFC}.Debug|x64.Build.0 = Debug|x64
		{5D906A30-348F-E649-A796-924A4C450B46}.Release|Win32.ActiveCfg = Release|Win32
		{5D906A30-348F-E649-A796-924A4C450B46}.Release|Win32.Build.0 = Release|Win32
		{5D906A30-348F-E649-A796-924A4C450B46}.Release|x64.ActiveCfg = Release|x64
		{5D906A30-348F-E649-A796-924A4C450B46}.Release|x64.Build.0 = Release|x64
		{5D906A30-348F-E649-A796-924A4C450B46}.Debug|Win32.ActiveCfg = Debug|Win32
		{5D906A30-348F-E649-A796-924A4C450B46}.Debug|Win32.Build.0 = Debug|Win32
		{5D906A30-348F-E649-A796-924A4C450B46}.Debug|x64.ActiveCfg = Debug|x64
		{5D906A30-348F-E649-A796-924A4C450B46}.Debug|x64.Build.0 = Debug|x64
		{EAB6C19B-1B14-604F-9140-4577E7FFE579}.Release|Win32.ActiveCfg = Release|Win32
		{EAB6C19B-1B14-604F-9140-4577E7FFE579}.Release|Win32.Build.0 = Release|Win32
		{EAB6C19B-1B14-604F-9140-4577E7FFE579}.Release|x64.ActiveCfg = Release|x64
		{EAB6C19B-1B14-604F-9140-4577E7FFE579}.Release|x64.Build.0 = Release|x64
		{EAB6C19B-1B14-604F-9140-4577E7FFE579}.Debug|Win32.ActiveCfg = Debug|Win32
		{EAB6C19B-1B14-604F-9140-4577E7FFE579}.Debug|Win32.Build.0 = Debug|Win32
		{EAB6C19B-1B14-604F-9140-4577E7FFE579}.Debug|x64.ActiveCfg = Debug|x64
		{EAB6C19B-1B14-604F-9140-4577E7FFE579}.Debug|x64.Build.0 = Debug|x64
		{99E3F7A4-C71B-9C4A-B730-814A419A6DAB}.Release|Win32.ActiveCfg = Release|Win32
		{99E3F7A4-C71B-9C4A-B730-814A419A6DAB}.Release|Win32.Build.0 = Release|Win32
		{99E3F7A4-C71B-9C4A-B730-814A419A6DAB}.Release|x64.ActiveCfg = Release|x64
		{99E3F7A4-C71B-9C4A-B730-814A419A6DAB}.Release|x64.Build.0 = Release|x64
		{99E3F7A4-C71B-9C4A-B730-814A419A6DAB}.Debug|Win32.ActiveCfg = Debug|Win32
		{99E3F7A4-C71B-9C4A-B730-814A419A6DAB}.Debug|Win32.Build.0 = Debug|Win32
		{99E3F7A4-C71B-9C4A-B730-814A419A6DAB}.Debug|x64.ActiveCfg = Debug|x64
		{99E3F7A4-C71B-9C4A-B730-814A419A6DAB}.Debug|x64.Build.0 = Debug|x64
		{052C32E3-9894-4043-B389-522931CAA3AD}.Release|Win32.ActiveCfg = Release|Win32
		{052C32E3-9894-4043-B389-522931CAA3AD}.Release|Win32.Build.0 = Release|Win32
		{052C32E3-9894-4043-B389-522931CAA3AD}.Release|x64.ActiveCfg = Release|x64
		{052C32E3-9894-4043-B389-522931CAA3AD}.Release|x64.Build.0 = Release|x64
		{052C32E3-9894-4043-B389-522931CAA3AD}.Debug|Win32.ActiveCfg = Debug|Win32
		{052C32E3-9894-4043-B389-522931CAA3AD}.Debug|Win32.Build.0 = Debug|Win32
		{052C32E3-9894-4043-B389-522931CAA3AD}.Debug|x64.ActiveCfg = Debug|x64
		{052C32E3-9894-4043-B389-522931CAA3AD}.Debug|x64.Build.0 = Debug|x64
		{E415125F-BB57-3E4A-89D6-9F3AAFAC0C56}.Release|Win32.ActiveCfg = Release|Win32
		{E415125F-BB57-3E4A-89D6-9F3AAFAC0C56}.Release|Win32.Build.0 = Release|Win32
		{E415125F-BB57-3E4A-89D6-9F3AAFAC0C56}.Release|x64.ActiveCfg = Release|x64
		{E415125F-BB57-3E4A-89D6-9F3AAFAC0C56}.Release|x64.Build.0 = Release|x64
		{E415125F-BB57-3E4A-89D6-9F3AAFAC0C56}.Debug|Win32.ActiveCfg = Debug|Win32
		{E415125F-BB57-3E4A-89D6-9F3AAFAC0C56}.Debug|Win32.Build.0 = Debug|Win32
		{E415125F-BB57-3E4A-89D6-9F3AAFAC0C56}.Debug|x64.ActiveCfg = Debug|x64
		{E415125F-BB57-3E4A-89D6-9F3AAFAC0C56}.Debug|x64.Build.0 = Debug|x64
		{470ACC9F-942F-CA45-B2E9-6746E632A56C}.Release|Win32.ActiveCfg = Release|Win32
		{470ACC9F-942F-CA45-B2E9-6746E632A56C}.Release|Win32.Build.0 = Release|Win32
		{470ACC9F-942F-CA45-B2E9-6746E632A56C}.Release|x64.ActiveCfg = Release|x64
		{470ACC9F-942F-CA45-B2E9-6746E632A56C}.Release|x64.Build.0 = Release|x64
		{470ACC9F-942F-CA45-B2E9-6746E632A56C}.Debug|Win32.ActiveCfg = Debug|Win32
		{470ACC9F-942F-CA45-B2E9-6746E632A56C}.Debug|Win32.Build.0 = Debug|Win32
		{470ACC9F-942F-CA45-B2E9-6746E632A56C}.Debug|x64.ActiveCfg = Debug|x64
		{470ACC9F-942F-CA45-B2E9-6746E632A56C}.Debug|x64.Build.0 = Debug|x64
		{9A421974-98E8-6B4A-AA45-C6839E4A9F6E}.Release|Win32.ActiveCfg = Release|Win32
		{9A421974-98E8-6B4A-AA45-C6839E4A9F6E}.Release|Win32.Build.0 = Release|Win32
		{9A421974-98E8-6B4A-AA45-C6839E4A9F6E}.Release|x64.ActiveCfg = Release|x64
		{9A421974-98E8-6B4A-AA45-C6839E4A9F6E}.Release|x64.Build.0 = Release|x64
		{9A421974-98E8-6B4A-AA45-C6839E4A9F6E}.Debug|Win32.ActiveCfg = Debug|Win32
		{9A421974-98E8-6B4A-AA45-C6839E4A9F6E}.Debug|Win32.Build.0 = Debug|Win32
		{9A421974-98E8-6B4A-AA45-C6839E4A9F6E}.Debug|x64.ActiveCfg = Debug|x64
		{9A421974-98E8-6B4A-AA45-C6839E4A9F6E}.Debug|x64.Build.0 = Debug|x64
		{6C7C4109-44C1-FF4E-A5BF-3DA9A17F1FD8}.Release|Win32.ActiveCfg = Release|Win32
		{6C7C4109-44C1-FF4E-A5BF-3DA9A17F1FD8}.Release|Win32.Build.0 = Release|Win32
		{6C7C4109-44C1-FF4E-A5BF-3DA9A17F1FD8}.Release|x64.ActiveCfg = Release|x64
		{6C7C4109-44C1-FF4E-A5BF-3DA9A17F1FD8}.Release|x64.Build.0 = Release|x64
		{6C7C4109-44C1-FF4E-A5BF-3DA9A17F1FD8}.Debug|Win32.ActiveCfg = Debug|Win32
		{6C7C4109-44C1-FF4E-A5BF-3DA9A17F1FD8}.Debug|Win32.Build.0 = Debug|Win32
		{6C7C4109-44C1-FF4E-A5BF-3DA9A17F1FD8}.Debug|x64.ActiveCfg = Debug|x64
		{6C7C4109-44C1-FF4E-A5BF-3DA9A17F1FD8}.Debug|x64.Build.0 = Debug|x64
		{A6FBF1C0-F96E-B34D-9165-53E62DFCF372}.Release|Win32.ActiveCfg = Release|Win32
		{A6FBF1C0-F96E-B34D-9165-53E62DFCF372}.Release|Win32.Build.0 = Release|Win32
		{A6FBF1C0-F96E-B34D-9165-53E62DFCF372}.Release|x64.ActiveCfg = Release|x64
		{A6FBF1C0-F96E-B34D-9165-53E62DFCF372}.Release|x64.Build.0 = Release|x64
		{A6FBF1C0-F96E-B34D-9165-53E62DFCF372}.Debug|Win32.ActiveCfg = Debug|Win32
		{A6FBF1C0-F96E-B34D-9165-53E62DFCF372}.Debug|Win32.Build.0 = Debug|Win32
		{A6FBF1C0-F96E-B34D-9165-53E62DFCF372}.Debug|x64.ActiveCfg = Debug|x64
		{A6FBF1C0-F96E-B34D-9165-53E62DFCF372}.Debug|x64.Build.0 = Debug|x64
		{152BD6F6-3BC6-EB4D-B8E5-D3D129568CAE}.Release|Win32.ActiveCfg = Release|Win32
		{152BD6F6-3BC6-EB4D-B8E5-D3D129568CAE}.Release|Win32.Build.0 = Release|Win32
		{152BD6F6-3BC6-EB4D-B8E5-D3D129568CAE}.Release|x64.ActiveCfg = Release|x64
		{152BD6F6-3BC6-EB4D-B8E5-D3D129568CAE}.Release|x64.Build.0 = Release|x64
		{152BD6F6-3BC6-EB4D-B8E5-D3D129568CAE}.Debug|Win32.ActiveCfg = Debug|Win32
		{152BD6F6-3BC6-EB4D-B8E5-D3D129568CAE}.Debug|Win32.Build.0 = Debug|Win32
		{152BD6F6-3BC6-EB4D-B8E5-D3D129568CAE}.Debug|x64.ActiveCfg = Debug|x64
		{152BD6F6-3BC6-EB4D-B8E5-D3D129568CAE}.Debug|x64.Build.0 = Debug|x64
		{163CEAFA-3022-314B-A61A-3CFAD108FE90}.Release|Win32.ActiveCfg = Release|Win32
		{163CEAFA-3022-314B-A61A-3CFAD108FE90}.Release|Win32.Build.0 = Release|Win32
		{163CEAFA-3022-314B-A61A-3CFAD108FE90}.Release|x64.ActiveCfg = Release|x64
		{163CEAFA-3022-314B-A61A-3CFAD108FE90}.Release|x64.Build.0 = Release|x64
		{163CEAFA-3022-314B-A61A-3CFAD108FE90}.Debug|Win32.ActiveCfg = Debug|Win32
		{163CEAFA-3022-314B-A61A-3CFAD108FE90}.Debug|Win32.Build.0 = Debug|Win32
		{163CEAFA-3022-314B-A61A-3CFAD108FE90}.Debug|x64.ActiveCfg = Debug|x64
		{163CEAFA-3022-314B-A61A-3CFAD108FE90}.Debug|x64.Build.0 = Debug|x64
		{127FA5C1-DD1B-854E-98AE-F4714EABAD93}.Release|Win32.ActiveCfg = Release|Win32
		{127FA5C1-DD1B-854E-98AE-F4714EABAD93}.Release|Win32.Build.0 = Release|Win32
		{127FA5C1-DD1B-854E-98AE-F4714EABAD93}.Release|x64.ActiveCfg = Release|x64
		{127FA5C1-DD1B-854E-98AE-F4714EABAD93}.Release|x64.Build.0 = Release|x64
		{127FA5C1-DD1B-854E-98AE-F4714EABAD93}.Debug|Win32.ActiveCfg = Debug|Win32
		{127FA5C1-DD1B-854E-98AE-F4714EABAD93}.Debug|Win32.Build.0 = Debug|Win32
		{127FA5C1-DD1B-854E-98AE-F4714EABAD93}.Debug|x64.ActiveCfg = Debug|x64
		{127FA5C1-DD1B-854E-98AE-F4714EABAD93}.Debug|x64.Build.0 = Debug|x64
		{E2E883AD-D32D-AC40-B5D3-BDD15CEEF90B}.Release|Win32.ActiveCfg = Release|Win32
		{E2E883AD-D32D-AC40-B5D3-BDD15CEEF90B}.Release|Win32.Build.0 = Release|Win32
		{E2E883AD-D32D-AC40-B5D3-BDD15CEEF90B}.Release|x64.ActiveCfg = Release|x64
		{E2E883AD-D32D-AC40-B5D3-BDD15CEEF90B}.Release|x64.Build.0 = Release|x64
		{E2E883AD-D32D-AC40-B5D3-BDD15CEEF90B}.Debug|Win32.ActiveCfg = Debug|Win32
		{E2E883AD-D32D-AC40-B5D3-BDD15CEEF90B}.Debug|Win32.Build.0 = Debug|Win32
		{E2E883AD-D32D-AC40-B5D3-BDD15CEEF90B}.Debug|x64.ActiveCfg = Debug|x64
		{E2E883AD-D32D-AC40-B5D3-BDD15CEEF90B}.Debug|x64.Build.0 = Debug|x64
		{4F24A622-DACF-AE45-BFBB-23176062EA4D}.Release|Win32.ActiveCfg = Release|Win32
		{4F24A622-DACF-AE45-BFBB-23176062EA4D}.Release|Win32.Build.0 = Release|Win32
		{4F24A622-DACF-AE45-BFBB-23176062EA4D}.Release|x64.ActiveCfg = Release|x64
		{4F24A622-DACF-AE45-BFBB-23176062EA4D}.Release|x64.Build.0 = Release|x64
		{4F24A622-DACF-AE45-BFBB-23176062EA4D}.Debug|Win32.ActiveCfg = Debug|Win32
		{4F24A622-DACF-AE45-BFBB-23176062EA4D}.Debug|Win32.Build.0 = Debug|Win32
		{4F24A622-DACF-AE45-BFBB-23176062EA4D}.Debug|x64.ActiveCfg = Debug|x64
		{4F24A622-DACF-AE45-BFBB-23176062EA4D}.Debug|x64.Build.0 = Debug|x64
		{E857B144-8FC7-BD4C-BC64-28BE2B4E6F70}.Release|Win32.ActiveCfg = Release|Win32
		{E857B144-8FC7-BD4C-BC64-28BE2B4E6F70}.Release|Win32.Build.0 = Release|Win32
		{E857B144-8FC7-BD4C-BC64-28BE2B4E6F70}.Release|x64.ActiveCfg = Release|x64
		{E857B144-8FC7-BD4C-BC64-28BE2B4E6F70}.Release|x64.Build.0 = Release|x64
		{E857B144-8FC7-BD4C-BC64-28BE2B4E6F70}.Debug|Win32.ActiveCfg = Debug|Win32
		{E857B144-8FC7-BD4C-BC64-28BE2B4E6F70}.Debug|Win32.Build.0 = Debug|Win32
		{E857B144-8FC7-BD4C-BC64-28BE2B4E6F70}.Debug|x64.ActiveCfg = Debug|x64
		{E857B144-8FC7-BD4C-BC64-28BE2B4E6F70}.Debug|x64.Build.0 = Debug|x64
		{33346D1B-1473-B04B-B4EF-CE4873116DFA}.Release|Win32.ActiveCfg = Release|Win32
		{33346D1B-1473-B04B-B4EF-CE4873116DFA}.Release|Win32.Build.0 = Release|Win32
		{33346D1B-1473-B04B-B4EF-CE4873116DFA}.Release|x64.ActiveCfg = Release|x64
		{33346D1B-1473-B04B-B4EF-CE4873116DFA}.Release|x64.Build.0 = Release|x64
		{33346D1B-1473-B04B-B4EF-CE4873116DFA}.Debug|Win32.ActiveCfg = Debug|Win32
		{33346D1B-1473-B04B-B4EF-CE4873116DFA}.Debug|Win32.Build.0 = Debug|Win32
		{33346D1B-1473-B04B-B4EF-CE4873116DFA}.Debug|x64.ActiveCfg = Debug|x64
		{33346D1B-1473-B04B-B4EF-CE4873116DFA}.Debug|x64.Build.0 = Debug|x64
		{5CBD9CB4-76EF-4C45-AABF-9887A1CE63FD}.Release|Win32.ActiveCfg = Release|Win32
		{5CBD9CB4-76EF-4C45-AABF-9887A1CE63FD}.Release|Win32.Build.0 = Release|Win32
		{5CBD9CB4-76EF-4C45-AABF-9887A1CE63FD}.Release|x64.ActiveCfg = Release|x64
		{5CBD9CB4-76EF-4C45-AABF-9887A1CE63FD}.Release|x64.Build.0 = Release|x64
		{5CBD9CB4-76EF-4C45-AABF-9887A1CE63FD}.Debug|Win32.ActiveCfg = Debug|Win32
		{5CBD9CB4-76EF-4C45-AABF-9887A1CE63FD}.Debug|Win32.Build.0 = Debug|Win32
		{5CBD9CB4-76EF-4C45-AABF-9887A1CE63FD}.Debug|x64.ActiveCfg = Debug|x64
		{5CBD9CB4-76EF-4C45-AABF-9887A1CE63FD}.Debug|x64.Build.0 = Debug|x64
		{EF3603DA-7641-E948-ABAA-B8AF39486389}.Release|Win32.ActiveCfg = Release|Win32
		{EF3603DA-7641-E948-ABAA-B8AF39486389}.Release|Win32.Build.0 = Release|Win32
		{EF3603DA-7641-E948-ABAA-B8AF39486389}.Release|x64.ActiveCfg = Release|x64
		{EF3603DA-7641-E948-ABAA-B8AF39486389}.Release|x64.Build.0 = Release|x64
		{EF3603DA-7641-E948-ABAA-B8AF39486389}.Debug|Win32.ActiveCfg = Debug|Win32
		{EF3603DA-7641-E948-ABAA-B8AF39486389}.Debug|Win32.Build.0 = Debug|Win32
		{EF3603DA-7641-E948-ABAA-B8AF39486389}.Debug|x64.ActiveCfg = Debug|x64
		{EF3603DA-7641-E948-ABAA-B8AF39486389}.Debug|x64.Build.0 = Debug|x64
		{04159672-3920-1D4C-90A0-4D40A33CEC2B}.Release|Win32.ActiveCfg = Release|Win32
		{04159672-3920-1D4C-90A0-4D40A33CEC2B}.Release|Win32.Build.0 = Release|Win32
		{04159672-3920-1D4C-90A0-4D40A33CEC2B}.Release|x64.ActiveCfg = Release|x64
		{04159672-3920-1D4C-90A0-4D40A33CEC2B}.Release|x64.Build.0 = Release|x64
		{04159672-3920-1D4C-90A0-4D40A33CEC2B}.Debug|Win32.ActiveCfg = Debug|Win32
		{04159672-3920-1D4C-90A0-4D40A33CEC2B}.Debug|Win32.Build.0 = Debug|Win32
		{04159672-3920-1D4C-90A0-4D40A33CEC2B}.Debug|x64.ActiveCfg = Debug|x64
		{04159672-3920-1D4C-90A0-4D40A33CEC2B}.Debug|x64.Build.0 = Debug|x64
		{C5E72149-27A9-914D-BC80-FFAD234F19CA}.Release|Win32.ActiveCfg = Release|Win32
		{C5E72149-27A9-914D-BC80-FFAD234F19CA}.Release|Win32.Build.0 = Release|Win32
		{C5E72149-27A9-914D-BC80-FFAD234F19CA}.Release|x64.ActiveCfg = Release|x64
		{C5E72149-27A9-914D-BC80-FFAD234F19CA}.Release|x64.Build.0 = Release|x64
		{C5E72149-27A9-914D-BC80-FFAD234F19CA}.Debug|Win32.ActiveCfg = Debug|Win32
		{C5E72149-27A9-914D-BC80-FFAD234F19CA}.Debug|Win32.Build.0 = Debug|Win32
		{C5E72149-27A9-914D-BC80-FFAD234F19CA}.Debug|x64.ActiveCfg = Debug|x64
		{C5E72149-27A9-914D-BC80-FFAD234F19CA}.Debug|x64.Build.0 = Debug|x64
		{BC6BDB82-157F-A043-A31F-665C99418988}.Release|Win32.ActiveCfg = Release|Win32
		{BC6BDB82-157F-A043-A31F-665C99418988}.Release|Win32.Build.0 = Release|Win32
		{BC6BDB82-157F-A043-A31F-665C99418988}.Release|x64.ActiveCfg = Release|x64
		{BC6BDB82-157F-A043-A31F-665C99418988}.Release|x64.Build.0 = Release|x64
		{BC6BDB82-157F-A043-A31F-665C99418988}.Debug|Win32.ActiveCfg = Debug|Win32
		{BC6BDB82-157F-A043-A31F-665C99418988}.Debug|Win32.Build.0 = Debug|Win32
		{BC6BDB82-157F-A043-A31F-665C99418988}.Debug|x64.ActiveCfg = Debug|x64
		{BC6BDB82-157F-A043-A31F-665C99418988}.Debug|x64.Build.0 = Debug|x64
		{277C40DE-11D6-7C4F-BFE0-B0A7891A7E85}.Release|Win32.ActiveCfg = Release|Win32
		{277C40DE-11D6-7C4F-BFE0-B0A7891A7E85}.Release|Win32.Build.0 = Release|Win32
		{277C40DE-11D6-7C4F-BFE0-B0A7891A7E85}.Release|x64.ActiveCfg = Release|x64
		{277C40DE-11D6-7C4F-BFE0-B0A7891A7E85}.Release|x64.Build.0 = Release|x64
		{277C40DE-11D6-7C4F-BFE0-B0A7891A7E85}.Debug|Win32.ActiveCfg = Debug|Win32
		{277C40DE-11D6-7C4F-BFE0-B0A7891A7E85}.Debug|Win32.Build.0 = Debug|Win32
		{277C40DE-11D6-7C4F-BFE0-B0A7891A7E85}.Debug|x64.ActiveCfg = Debug|x64
		{277C40DE-11D6-7C4F-BFE0-B0A7891A7E85}.Debug|x64.Build.0 = Debug|x64
		{19753261-F868-4A40-A7FF-0C5FB6B32F7B}.Release|Win32.ActiveCfg = Release|Win32
		{19753261-F868-4A40-A7FF-0C5FB6B32F7B}.Release|Win32.Build.0 = Release|Win32
		{19753261-F868-4A40-A7FF-0C5FB6B32F7B}.Release|x64.ActiveCfg = Release|x64
		{19753261-F868-4A40-A7FF-0C5FB6B32F7B}.Release|x64.Build.0 = Release|x64
		{19753261-F868-4A40-A7FF-0C5FB6B32F7B}.Debug|Win32.ActiveCfg = Debug|Win32
		{19753261-F868-4A40-A7FF-0C5FB6B32F7B}.Debug|Win32.Build.0 = Debug|Win32
		{19753261-F868-4A40-A7FF-0C5FB6B32F7B}.Debug|x64.ActiveCfg = Debug|x64
		{19753261-F868-4A40-A7FF-0C5FB6B32F7B}.Debug|x64.Build.0 = Debug|x64
		{62E43ABB-920A-CF4D-BE2A-B823304A4256}.Release|Win32.ActiveCfg = Release|Win32
		{62E43ABB-920A-CF4D-BE2A-B823304A4256}.Release|Win32.Build.0 = Release|Win32
		{62E43ABB-920A-CF4D-BE2A-B823304A4256}.Release|x64.ActiveCfg = Release|x64
		{62E43ABB-920A-CF4D-BE2A-B823304A4256}.Release|x64.Build.0 = Release|x64
		{62E43ABB-920A-CF4D-BE2A-B823304A4256}.Debug|Win32.ActiveCfg = Debug|Win32
		{62E43ABB-920A-CF4D-BE2A-B823304A4256}.Debug|Win32.Build.0 = Debug|Win32
		{62E43ABB-920A-CF4D-BE2A-B823304A4256}.Debug|x64.ActiveCfg = Debug|x64
		{62E43ABB-920A-CF4D-BE2A-B823304A4256}.Debug|x64.Build.0 = Debug|x64
		{EB03DC9D-2B51-DC4C-85E9-63C2A57EB9AF}.Release|Win32.ActiveCfg = Release|Win32
		{EB03DC9D-2B51-DC4C-85E9-63C2A57EB9AF}.Release|Win32.Build.0 = Release|Win32
		{EB03DC9D-2B51-DC4C-85E9-63C2A57EB9AF}.Release|x64.ActiveCfg = Release|x64
		{EB03DC9D-2B51-DC4C-85E9-63C2A57EB9AF}.Release|x64.Build.0 = Release|x64
		{EB03DC9D-2B51-DC4C-85E9-63C2A57EB9AF}.Debug|Win32.ActiveCfg = Debug|Win32
		{EB03DC9D-2B51-DC4C-85E9-63C2A57EB9AF}.Debug|Win32.Build.0 = Debug|Win32
		{EB03DC9D-2B51-DC4C-85E9-63C2A57EB9AF}.Debug|x64.ActiveCfg = Debug|x64
		{EB03DC9D-2B51-DC4C-85E9-63C2A57EB9AF}.Debug|x64.Build.0 = Debug|x64
		{AB46BA5E-25E7-5649-8906-BC1CC8763DF9}.Release|Win32.ActiveCfg = Release|Win32
		{AB46BA5E-25E7-5649-8906-BC1CC8763DF9}.Release|Win32.Build.0 = Release|Win32
		{AB46BA5E-25E7-5649-8906-BC1CC8763DF9}.Release|x64.ActiveCfg = Release|x64
		{AB46BA5E-25E7-5649-8906-BC1CC8763DF9}.Release|x64.Build.0 = Release|x64
		{AB46BA5E-25E7-5649-8906-BC1CC8763DF9}.Debug|Win32.ActiveCfg = Debug|Win32
		{AB46BA5E-25E7-5649-8906-BC1CC8763DF9}.Debug|Win32.Build.0 = Debug|Win32
		{AB46BA5E-25E7-5649-8906-BC1CC8763DF9}.Debug|x64.ActiveCfg = Debug|x64
		{AB46BA5E-25E7-5649-8906-BC1CC8763DF9}.Debug|x64.Build.0 = Debug|x64
		{22D15213-3F46-B549-BCFC-859265745EA3}.Release|Win32.ActiveCfg = Release|Win32
		{22D15213-3F46-B549-BCFC-859265745EA3}.Release|Win32.Build.0 = Release|Win32
		{22D15213-3F46-B549-BCFC-859265745EA3}.Release|x64.ActiveCfg = Release|x64
		{22D15213-3F46-B549-BCFC-859265745EA3}.Release|x64.Build.0 = Release|x64
		{22D15213-3F46-B549-BCFC-859265745EA3}.Debug|Win32.ActiveCfg = Debug|Win32
		{22D15213-3F46-B549-BCFC-859265745EA3}.Debug|Win32.Build.0 = Debug|Win32
		{22D15213-3F46-B549-BCFC-859265745EA3}.Debug|x64.ActiveCfg = Debug|x64
		{22D15213-3F46-B549-BCFC-859265745EA3}.Debug|x64.Build.0 = Debug|x64
		{43876D2D-481F-824F-8D8E-1CC63A453FE8}.Release|Win32.ActiveCfg = Release|Win32
		{43876D2D-481F-824F-8D8E-1CC63A453FE8}.Release|Win32.Build.0 = Release|Win32
		{43876D2D-481F-824F-8D8E-1CC63A453FE8}.Release|x64.ActiveCfg = Release|x64
		{43876D2D-481F-824F-8D8E-1CC63A453FE8}.Release|x64.Build.0 = Release|x64
		{43876D2D-481F-824F-8D8E-1CC63A453FE8}.Debug|Win32.ActiveCfg = Debug|Win32
		{43876D2D-481F-824F-8D8E-1CC63A453FE8}.Debug|Win32.Build.0 = Debug|Win32
		{43876D2D-481F-824F-8D8E-1CC63A453FE8}.Debug|x64.ActiveCfg = Debug|x64
		{43876D2D-481F-824F-8D8E-1CC63A453FE8}.Debug|x64.Build.0 = Debug|x64
		{39B7CD21-3F47-264A-BCCD-9BDED051F9D8}.Release|Win32.ActiveCfg = Release|Win32
		{39B7CD21-3F47-264A-BCCD-9BDED051F9D8}.Release|Win32.Build.0 = Release|Win32
		{39B7CD21-3F47-264A-BCCD-9BDED051F9D8}.Release|x64.ActiveCfg = Release|x64
		{39B7CD21-3F47-264A-BCCD-9BDED051F9D8}.Release|x64.Build.0 = Release|x64
		{39B7CD21-3F47-264A-BCCD-9BDED051F9D8}.Debug|Win32.ActiveCfg = Debug|Win32
		{39B7CD21-3F47-264A-BCCD-9BDED051F9D8}.Debug|Win32.Build.0 = Debug|Win32
		{39B7CD21-3F47-264A-BCCD-9BDED051F9D8}.Debug|x64.ActiveCfg = Debug|x64
		{39B7CD21-3F47-264A-BCCD-9BDED051F9D8}.Debug|x64.Build.0 = Debug|x64
		{119CB630-E81B-E748-906E-2ECCA28E405F}.Release|Win32.ActiveCfg = Release|Win32
		{119CB630-E81B-E748-906E-2ECCA28E405F}.Release|Win32.Build.0 = Release|Win32
		{119CB630-E81B-E748-906E-2ECCA28E405F}.Release|x64.ActiveCfg = Release|x64
		{119CB630-E81B-E748-906E-2ECCA28E405F}.Release|x64.Build.0 = Release|x64
		{119CB630-E81B-E748-906E-2ECCA28E405F}.Debug|Win32.ActiveCfg = Debug|Win32
		{119CB630-E81B-E748-906E-2ECCA28E405F}.Debug|Win32.Build.0 = Debug|Win32
		{119CB630-E81B-E748-906E-2ECCA28E405F}.Debug|x64.ActiveCfg = Debug|x64
		{119CB630-E81B-E748-906E-2ECCA28E405F}.Debug|x64.Build.0 = Debug|x64
		{024FA44F-653A-634C-8E7C-E445BBFE8F18}.Release|Win32.ActiveCfg = Release|Win32
		{024FA44F-653A-634C-8E7C-E445BBFE8F18}.Release|Win32.Build.0 = Release|Win32
		{024FA44F-653A-634C-8E7C-E445BBFE8F18}.Release|x64.ActiveCfg = Release|x64
		{024FA44F-653A-634C-8E7C-E445BBFE8F18}.Release|x64.Build.0 = Release|x64
		{024FA44F-653A-634C-8E7C-E445BBFE8F18}.Debug|Win32.ActiveCfg = Debug|Win32
		{024FA44F-653A-634C-8E7C-E445BBFE8F18}.Debug|Win32.Build.0 = Debug|Win32
		{024FA44F-653A-634C-8E7C-E445BBFE8F18}.Debug|x64.ActiveCfg = Debug|x64
		{024FA44F-653A-634C-8E7C-E445BBFE8F18}.Debug|x64.Build.0 = Debug|x64
		{DB66EBC5-4445-834A-833F-E7F8FE40EF6A}.Release|Win32.ActiveCfg = Release|Win32
		{DB66EBC5-4445-834A-833F-E7F8FE40EF6A}.Release|Win32.Build.0 = Release|Win32
		{DB66EBC5-4445-834A-833F-E7F8FE40EF6A}.Release|x64.ActiveCfg = Release|x64
		{DB66EBC5-4445-834A-833F-E7F8FE40EF6A}.Release|x64.Build.0 = Release|x64
		{DB66EBC5-4445-834A-833F-E7F8FE40EF6A}.Debug|Win32.ActiveCfg = Debug|Win32
		{DB66EBC5-4445-834A-833F-E7F8FE40EF6A}.Debug|Win32.Build.0 = Debug|Win32
		{DB66EBC5-4445-834A-833F-E7F8FE40EF6A}.Debug|x64.ActiveCfg = Debug|x64
		{DB66EBC5-4445-834A-833F-E7F8FE40EF6A}.Debug|x64.Build.0 = Debug|x64
		{B1DD4ED6-9932-F948-BABE-C275FA9CE29A}.Release|Win32.ActiveCfg = Release|Win32
		{B1DD4ED6-9932-F948-BABE-C275FA9CE29A}.Release|Win32.Build.0 = Release|Win32
		{B1DD4ED6-9932-F948-BABE-C275FA9CE29A}.Release|x64.ActiveCfg = Release|x64
		{B1DD4ED6-9932-F948-BABE-C275FA9CE29A}.Release|x64.Build.0 = Release|x64
		{B1DD4ED6-9932-F948-BABE-C275FA9CE29A}.Debug|Win32.ActiveCfg = Debug|Win32
		{B1DD4ED6-9932-F948-BABE-C275FA9CE29A}.Debug|Win32.Build.0 = Debug|Win32
		{B1DD4ED6-9932-F948-BABE-C275FA9CE29A}.Debug|x64.ActiveCfg = Debug|x64
		{B1DD4ED6-9932-F948-BABE-C275FA9CE29A}.Debug|x64.Build.0 = Debug|x64
		{5CE64877-2C15-EC47-B1F5-57D22C77B057}.Release|Win32.ActiveCfg = Release|Win32
		{5CE64877-2C15-EC47-B1F5-57D22C77B057}.Release|Win32.Build.0 = Release|Win32
		{5CE64877-2C15-EC47-B1F5-57D22C77B057}.Release|x64.ActiveCfg = Release|x64
		{5CE64877-2C15-EC47-B1F5-57D22C77B057}.Release|x64.Build.0 = Release|x64
		{5CE64877-2C15-EC47-B1F5-57D22C77B057}.Debug|Win32.ActiveCfg = Debug|Win32
		{5CE64877-2C15-EC47-B1F5-57D22C77B057}.Debug|Win32.Build.0 = Debug|Win32
		{5CE64877-2C15-EC47-B1F5-57D22C77B057}.Debug|x64.ActiveCfg = Debug|x64
		{5CE64877-2C15-EC47-B1F5-57D22C77B057}.Debug|x64.Build.0 = Debug|x64
		{4F89B744-2D62-DA46-BC5F-50785D11DCA1}.Release|Win32.ActiveCfg = Release|Win32
		{4F89B744-2D62-DA46-BC5F-50785D11DCA1}.Release|Win32.Build.0 = Release|Win32
		{4F89B744-2D62-DA46-BC5F-50785D11DCA1}.Release|x64.ActiveCfg = Release|x64
		{4F89B744-2D62-DA46-BC5F-50785D11DCA1}.Release|x64.Build.0 = Release|x64
		{4F89B744-2D62-DA46-BC5F-50785D11DCA1}.Debug|Win32.ActiveCfg = Debug|Win32
		{4F89B744-2D62-DA46-BC5F-50785D11DCA1}.Debug|Win32.Build.0 = Debug|Win32
		{4F89B744-2D62-DA46-BC5F-50785D11DCA1}.Debug|x64.ActiveCfg = Debug|x64
		{4F89B744-2D62-DA46-BC5F-50785D11DCA1}.Debug|x64.Build.0 = Debug|x64
		{B004DCE4-D005-C644-B21B-300E099C8637}.Release|Win32.ActiveCfg = Release|Win32
		{B004DCE4-D005-C644-B21B-300E099C8637}.Release|Win32.Build.0 = Release|Win32
		{B004DCE4-D005-C644-B21B-300E099C8637}.Release|x64.ActiveCfg = Release|x64
		{B004DCE4-D005-C644-B21B-300E099C8637}.Release|x64.Build.0 = Release|x64
		{B004DCE4-D005-C644-B21B-300E099C8637}.Debug|Win32.ActiveCfg = Debug|Win32
		{B004DCE4-D005-C644-B21B-300E099C8637}.Debug|Win32.Build.0 = Debug|Win32
		{B004DCE4-D005-C644-B21B-300E099C8637}.Debug|x64.ActiveCfg = Debug|x64
		{B004DCE4-D005-C644-B21B-300E099C8637}.Debug|x64.Build.0 = Debug|x64
		{116C85B7-CC52-624C-8F83-C5ACAB4DE54C}.Release|Win32.ActiveCfg = Release|Win32
		{116C85B7-CC52-624C-8F83-C5ACAB4DE54C}.Release|Win32.Build.0 = Release|Win32
		{116C85B7-CC52-624C-8F83-C5ACAB4DE54C}.Release|x64.ActiveCfg = Release|x64
		{116C85B7-CC52-624C-8F83-C5ACAB4DE54C}.Release|x64.Build.0 = Release|x64
		{116C85B7-CC52-624C-8F83-C5ACAB4DE54C}.Debug|Win32.ActiveCfg = Debug|Win32
		{116C85B7-CC52-624C-8F83-C5ACAB4DE54C}.Debug|Win32.Build.0 = Debug|Win32
		{116C85B7-CC52-624C-8F83-C5ACAB4DE54C}.Debug|x64.ActiveCfg = Debug|x64
		{116C85B7-CC52-624C-8F83-C5ACAB4DE54C}.Debug|x64.Build.0 = Debug|x64
		{3B19203B-7A25-D94E-8BCA-D8D8DB75E34A}.Release|Win32.ActiveCfg = Release|Win32
		{3B19203B-7A25-D94E-8BCA-D8D8DB75E34A}.Release|Win32.Build.0 = Release|Win32
		{3B19203B-7A25-D94E-8BCA-D8D8DB75E34A}.Release|x64.ActiveCfg = Release|x64
		{3B19203B-7A25-D94E-8BCA-D8D8DB75E34A}.Release|x64.Build.0 = Release|x64
		{3B19203B-7A25-D94E-8BCA-D8D8DB75E34A}.Debug|Win32.ActiveCfg = Debug|Win32
		{3B19203B-7A25-D94E-8BCA-D8D8DB75E34A}.Debug|Win32.Build.0 = Debug|Win32
		{3B19203B-7A25-D94E-8BCA-D8D8DB75E34A}.Debug|x64.ActiveCfg = Debug|x64
		{3B19203B-7A25-D94E-8BCA-D8D8DB75E34A}.Debug|x64.Build.0 = Debug|x64
		{F11155EF-FAFA-9E44-B441-5FFC52F15C35}.Release|Win32.ActiveCfg = Release|Win32
		{F11155EF-FAFA-9E44-B441-5FFC52F15C35}.Release|Win32.Build.0 = Release|Win32
		{F11155EF-FAFA-9E44-B441-5FFC52F15C35}.Release|x64.ActiveCfg = Release|x64
		{F11155EF-FAFA-9E44-B441-5FFC52F15C35}.Release|x64.Build.0 = Release|x64
		{F11155EF-FAFA-9E44-B441-5FFC52F15C35}.Debug|Win32.ActiveCfg = Debug|Win32
		{F11155EF-FAFA-9E44-B441-5FFC52F15C35}.Debug|Win32.Build.0 = Debug|Win32
		{F11155EF-FAFA-9E44-B441-5FFC52F15C35}.Debug|x64.ActiveCfg = Debug|x64
		{F11155EF-FAFA-9E44-B441-5FFC52F15C35}.Debug|x64.Build.0 = Debug|x64
		{941A8BE7-C47F-3649-8CA3-129CA841AD70}.Release|Win32.ActiveCfg = Release|Win32
		{941A8BE7-C47F-3649-8CA3-129CA841AD70}.Release|Win32.Build.0 = Release|Win32
		{941A8BE7-C47F-3649-8CA3-129CA841AD70}.Release|x64.ActiveCfg = Release|x64
		{941A8BE7-C47F-3649-8CA3-129CA841AD70}.Release|x64.Build.0 = Release|x64
		{941A8BE7-C47F-3649-8CA3-129CA841AD70}.Debug|Win32.ActiveCfg = Debug|Win32
		{941A8BE7-C47F-3649-8CA3-129CA841AD70}.Debug|Win32.Build.0 = Debug|Win32
		{941A8BE7-C47F-3649-8CA3-129CA841AD70}.Debug|x64.ActiveCfg = Debug|x64
		{941A8BE7-C47F-3649-8CA3-129CA841AD70}.Debug|x64.Build.0 = Debug|x64
		{50E5CF75-C0AD-9F49-B522-A0AA04193F9C}.Release|Win32.ActiveCfg = Release|Win32
		{50E5CF75-C0AD-9F49-B522-A0AA04193F9C}.Release|Win32.Build.0 = Release|Win32
		{50E5CF75-C0AD-9F49-B522-A0AA04193F9C}.Release|x64.ActiveCfg = Release|x64
		{50E5CF75-C0AD-9F49-B522-A0AA04193F9C}.Release|x64.Build.0 = Release|x64
		{50E5CF75-C0AD-9F49-B522-A0AA04193F9C}.Debug|Win32.ActiveCfg = Debug|Win32
		{50E5CF75-C0AD-9F49-B522-A0AA04193F9C}.Debug|Win32.Build.0 = Debug|Win32
		{50E5CF75-C0AD-9F49-B522-A0AA04193F9C}.Debug|x64.ActiveCfg = Debug|x64
		{50E5CF75-C0AD-9F49-B522-A0AA04193F9C}.Debug|x64.Build.0 = Debug|x64
		{7287C5A7-CA71-824A-9EDB-2FD2243D94D9}.Release|Win32.ActiveCfg = Release|Win32
		{7287C5A7-CA71-824A-9EDB-2FD2243D94D9}.Release|Win32.Build.0 = Release|Win32
		{7287C5A7-CA71-824A-9EDB-2FD2243D94D9}.Release|x64.ActiveCfg = Release|x64
		{7287C5A7-CA71-824A-9EDB-2FD2243D94D9}.Release|x64.Build.0 = Release|x64
		{7287C5A7-CA71-824A-9EDB-2FD2243D94D9}.Debug|Win32.ActiveCfg = Debug|Win32
		{7287C5A7-CA71-824A-9EDB-2FD2243D94D9}.Debug|Win32.Build.0 = Debug|Win32
		{7287C5A7-CA71-824A-9EDB-2FD2243D94D9}.Debug|x64.ActiveCfg = Debug|x64
		{7287C5A7-CA71-824A-9EDB-2FD2243D94D9}.Debug|x64.Build.0 = Debug|x64
		{5F9B3154-FFF0-0B4B-8241-2BFABA7EDC68}.Release|Win32.ActiveCfg = Release|Win32
		{5F9B3154-FFF0-0B4B-8241-2BFABA7EDC68}.Release|Win32.Build.0 = Release|Win32
		{5F9B3154-FFF0-0B4B-8241-2BFABA7EDC68}.Release|x64.ActiveCfg = Release|x64
		{5F9B3154-FFF0-0B4B-8241-2BFABA7EDC68}.Release|x64.Build.0 = Release|x64
		{5F9B3154-FFF0-0B4B-8241-2BFABA7EDC68}.Debug|Win32.ActiveCfg = Debug|Win32
		{5F9B3154-FFF0-0B4B-8241-2BFABA7EDC68}.Debug|Win32.Build.0 = Debug|Win32
		{5F9B3154-FFF0-0B4B-8241-2BFABA7EDC68}.Debug|x64.ActiveCfg = Debug|x64
		{5F9B3154-FFF0-0B4B-8241-2BFABA7EDC68}.Debug|x64.Build.0 = Debug|x64
		{81E635E9-6144-F044-8387-DFF0AC006F1C}.Release|Win32.ActiveCfg = Release|Win32
		{81E635E9-6144-F044-8387-DFF0AC006F1C}.Release|Win32.Build.0 = Release|Win32
		{81E635E9-6144-F044-8387-DFF0AC006F1C}.Release|x64.ActiveCfg = Release|x64
		{81E635E9-6144-F044-8387-DFF0AC006F1C}.Release|x64.Build.0 = Release|x64
		{81E635E9-6144-F044-8387-DFF0AC006F1C}.Debug|Win32.ActiveCfg = Debug|Win32
		{81E635E9-6144-F044-8387-DFF0AC006F1C}.Debug|Win32.Build.0 = Debug|Win32
		{81E635E9-6144-F044-8387-DFF0AC006F1C}.Debug|x64.ActiveCfg = Debug|x64
		{81E635E9-6144-F044-8387-DFF0AC006F1C}.Debug|x64.Build.0 = Debug|x64
		{6A7773F0-1A51-384A-B1C9-B9C5087D8B78}.Release|Win32.ActiveCfg = Release|Win32
		{6A7773F0-1A51-384A-B1C9-B9C5087D8B78}.Release|Win32.Build.0 = Release|Win32
		{6A7773F0-1A51-384A-B1C9-B9C5087D8B78}.Release|x64.ActiveCfg = Release|x64
		{6A7773F0-1A51-384A-B1C9-B9C5087D8B78}.Release|x64.Build.0 = Release|x64
		{6A7773F0-1A51-384A-B1C9-B9C5087D8B78}.Debug|Win32.ActiveCfg = Debug|Win32
		{6A7773F0-1A51-384A-B1C9-B9C5087D8B78}.Debug|Win32.Build.0 = Debug|Win32
		{6A7773F0-1A51-384A-B1C9-B9C5087D8B78}.Debug|x64.ActiveCfg = Debug|x64
		{6A7773F0-1A51-384A-B1C9-B9C5087D8B78}.Debug|x64.Build.0 = Debug|x64
		{1D0AFD4A-FAB5-9942-A6D5-D539C7858ED8}.Release|Win32.ActiveCfg = Release|Win32
		{1D0AFD4A-FAB5-9942-A6D5-D539C7858ED8}.Release|Win32.Build.0 = Release|Win32
		{1D0AFD4A-FAB5-9942-A6D5-D539C7858ED8}.Release|x64.ActiveCfg = Release|x64
		{1D0AFD4A-FAB5-9942-A6D5-D539C7858ED8}.Release|x64.Build.0 = Release|x64
		{1D0AFD4A-FAB5-9942-A6D5-D539C7858ED8}.Debug|Win32.ActiveCfg = Debug|Win32
		{1D0AFD4A-FAB5-9942-A6D5-D539C7858ED8}.Debug|Win32.Build.0 = Debug|Win32
		{1D0AFD4A-FAB5-9942-A6D5-D539C7858ED8}.Debug|x64.ActiveCfg = Debug|x64
		{1D0AFD4A-FAB5-9942-A6D5-D539C7858ED8}.Debug|x64.Build.0 = Debug|x64
		{5620F8A6-4D08-2F4A-9BE2-BFAFA90F7C09}.Release|Win32.ActiveCfg = Release|Win32
		{5620F8A6-4D08-2F4A-9BE2-BFAFA90F7C09}.Release|Win32.Build.0 = Release|Win32
		{5620F8A6-4D08-2F4A-9BE2-BFAFA90F7C09}.Release|x64.ActiveCfg = Release|x64
		{5620F8A6-4D08-2F4A-9BE2-BFAFA90F7C09}.Release|x64.Build.0 = Release|x64
		{5620F8A6-4D08-2F4A-9BE2-BFAFA90F7C09}.Debug|Win32.ActiveCfg = Debug|Win32
		{5620F8A6-4D08-2F4A-9BE2-BFAFA90F7C09}.Debug|Win32.Build.0 = Debug|Win32
		{5620F8A6-4D08-2F4A-9BE2-BFAFA90F7C09}.Debug|x64.ActiveCfg = Debug|x64
		{5620F8A6-4D08-2F4A-9BE2-BFAFA90F7C09}.Debug|x64.Build.0 = Debug|x64
		{A6136B2D-1C5E-8E49-802A-62964D4F9197}.Release|Win32.ActiveCfg = Release|Win32
		{A6136B2D-1C5E-8E49-802A-62964D4F9197}.Release|Win32.Build.0 = Release|Win32
		{A6136B2D-1C5E-8E49-802A-62964D4F9197}.Release|x64.ActiveCfg = Release|x64
		{A6136B2D-1C5E-8E49-802A-62964D4F9197}.Release|x64.Build.0 = Release|x64
		{A6136B2D-1C5E-8E49-802A-62964D4F9197}.Debug|Win32.ActiveCfg = Debug|Win32
		{A6136B2D-1C5E-8E49-802A-62964D4F9197}.Debug|Win32.Build.0 = Debug|Win32
		{A6136B2D-1C5E-8E49-802A-62964D4F9197}.Debug|x64.ActiveCfg = Debug|x64
		{A6136B2D-1C5E-8E49-802A-62964D4F9197}.Debug|x64.Build.0 = Debug|x64
		{ED851FE8-9BE4-2846-9BDB-E00C3D4F8CBF}.Release|Win32.ActiveCfg = Release|Win32
		{ED851FE8-9BE4-2846-9BDB-E00C3D4F8CBF}.Release|Win32.Build.0 = Release|Win32
		{ED851FE8-9BE4-2846-9BDB-E00C3D4F8CBF}.Release|x64.ActiveCfg = Release|x64
		{ED851FE8-9BE4-2846-9BDB-E00C3D4F8CBF}.Release|x64.Build.0 = Release|x64
		{ED851FE8-9BE4-2846-9BDB-E00C3D4F8CBF}.Debug|Win32.ActiveCfg = Debug|Win32
		{ED851FE8-9BE4-2846-9BDB-E00C3D4F8CBF}.Debug|Win32.Build.0 = Debug|Win32
		{ED851FE8-9BE4-2846-9BDB-E00C3D4F8CBF}.Debug|x64.ActiveCfg = Debug|x64
		{ED851FE8-9BE4-2846-9BDB-E00C3D4F8CBF}.Debug|x64.Build.0 = Debug|x64
		{EC81771C-12FE-5F4E-AAA4-5D2775EE97B2}.Release|Win32.ActiveCfg = Release|Win32
		{EC81771C-12FE-5F4E-AAA4-5D2775EE97B2}.Release|Win32.Build.0 = Release|Win32
		{EC81771C-12FE-5F4E-AAA4-5D2775EE97B2}.Release|x64.ActiveCfg = Release|x64
		{EC81771C-12FE-5F4E-AAA4-5D2775EE97B2}.Release|x64.Build.0 = Release|x64
		{EC81771C-12FE-5F4E-AAA4-5D2775EE97B2}.Debug|Win32.ActiveCfg = Debug|Win32
		{EC81771C-12FE-5F4E-AAA4-5D2775EE97B2}.Debug|Win32.Build.0 = Debug|Win32
		{EC81771C-12FE-5F4E-AAA4-5D2775EE97B2}.Debug|x64.ActiveCfg = Debug|x64
		{EC81771C-12FE-5F4E-AAA4-5D2775EE97B2}.Debug|x64.Build.0 = Debug|x64
		{E3C73B5D-45A3-074D-B773-1BC8715EECCC}.Release|Win32.ActiveCfg = Release|Win32
		{E3C73B5D-45A3-074D-B773-1BC8715EECCC}.Release|Win32.Build.0 = Release|Win32
		{E3C73B5D-45A3-074D-B773-1BC8715EECCC}.Release|x64.ActiveCfg = Release|x64
		{E3C73B5D-45A3-074D-B773-1BC8715EECCC}.Release|x64.Build.0 = Release|x64
		{E3C73B5D-45A3-074D-B773-1BC8715EECCC}.Debug|Win32.ActiveCfg = Debug|Win32
		{E3C73B5D-45A3-074D-B773-1BC8715EECCC}.Debug|Win32.Build.0 = Debug|Win32
		{E3C73B5D-45A3-074D-B773-1BC8715EECCC}.Debug|x64.ActiveCfg = Debug|x64
		{E3C73B5D-45A3-074D-B773-1BC8715EECCC}.Debug|x64.Build.0 = Debug|x64
		{ABC58CFC-2331-C04E-8B34-D54CCA812ED8}.Release|Win32.ActiveCfg = Release|Win32
		{ABC58CFC-2331-C04E-8B34-D54CCA812ED8}.Release|Win32.Build.0 = Release|Win32
		{ABC58CFC-2331-C04E-8B34-D54CCA812ED8}.Release|x64.ActiveCfg = Release|x64
		{ABC58CFC-2331-C04E-8B34-D54CCA812ED8}.Release|x64.Build.0 = Release|x64
		{ABC58CFC-2331-C04E-8B34-D54CCA812ED8}.Debug|Win32.ActiveCfg = Debug|Win32
		{ABC58CFC-2331-C04E-8B34-D54CCA812ED8}.Debug|Win32.Build.0 = Debug|Win32
		{ABC58CFC-2331-C04E-8B34-D54CCA812ED8}.Debug|x64.ActiveCfg = Debug|x64
		{ABC58CFC-2331-C04E-8B34-D54CCA812ED8}.Debug|x64.Build.0 = Debug|x64
		{3AD836BF-AE0A-8842-85FC-DF441285C9E1}.Release|Win32.ActiveCfg = Release|Win32
		{3AD836BF-AE0A-8842-85FC-DF441285C9E1}.Release|Win32.Build.0 = Release|Win32
		{3AD836BF-AE0A-8842-85FC-DF441285C9E1}.Release|x64.ActiveCfg = Release|x64
		{3AD836BF-AE0A-8842-85FC-DF441285C9E1}.Release|x64.Build.0 = Release|x64
		{3AD836BF-AE0A-8842-85FC-DF441285C9E1}.Debug|Win32.ActiveCfg = Debug|Win32
		{3AD836BF-AE0A-8842-85FC-DF441285C9E1}.Debug|Win32.Build.0 = Debug|Win32
		{3AD836BF-AE0A-8842-85FC-DF441285C9E1}.Debug|x64.ActiveCfg = Debug|x64
		{3AD836BF-AE0A-8842-85FC-DF441285C9E1}.Debug|x64.Build.0 = Debug|x64
		{A8B89AA8-3C8E-D244-A57E-BA359E80FE4B}.Release|Win32.ActiveCfg = Release|Win32
		{A8B89AA8-3C8E-D244-A57E-BA359E80FE4B}.Release|Win32.Build.0 = Release|Win32
		{A8B89AA8-3C8E-D244-A57E-BA359E80FE4B}.Release|x64.ActiveCfg = Release|x64
		{A8B89AA8-3C8E-D244-A57E-BA359E80FE4B}.Release|x64.Build.0 = Release|x64
		{A8B89AA8-3C8E-D244-A57E-BA359E80FE4B}.Debug|Win32.ActiveCfg = Debug|Win32
		{A8B89AA8-3C8E-D244-A57E-BA359E80FE4B}.Debug|Win32.Build.0 = Debug|Win32
		{A8B89AA8-3C8E-D244-A57E-BA359E80FE4B}.Debug|x64.ActiveCfg = Debug|x64
		{A8B89AA8-3C8E-D244-A57E-BA359E80FE4B}.Debug|x64.Build.0 = Debug|x64
		{30B681DB-8877-7742-AA10-1F1B6718F5AC}.Release|Win32.ActiveCfg = Release|Win32
		{30B681DB-8877-7742-AA10-1F1B6718F5AC}.Release|Win32.Build.0 = Release|Win32
		{30B681DB-8877-7742-AA10-1F1B6718F5AC}.Release|x64.ActiveCfg = Release|x64
		{30B681DB-8877-7742-AA10-1F1B6718F5AC}.Release|x64.Build.0 = Release|x64
		{30B681DB-8877-7742-AA10-1F1B6718F5AC}.Debug|Win32.ActiveCfg = Debug|Win32
		{30B681DB-8877-7742-AA10-1F1B6718F5AC}.Debug|Win32.Build.0 = Debug|Win32
		{30B681DB-8877-7742-AA10-1F1B6718F5AC}.Debug|x64.ActiveCfg = Debug|x64
		{30B681DB-8877-7742-AA10-1F1B6718F5AC}.Debug|x64.Build.0 = Debug|x64
		{5B93DE13-041C-214A-B6E1-8764452B0680}.Release|Win32.ActiveCfg = Release|Win32
		{5B93DE13-041C-214A-B6E1-8764452B0680}.Release|Win32.Build.0 = Release|Win32
		{5B93DE13-041C-214A-B6E1-8764452B0680}.Release|x64.ActiveCfg = Release|x64
		{5B93DE13-041C-214A-B6E1-8764452B0680}.Release|x64.Build.0 = Release|x64
		{5B93DE13-041C-214A-B6E1-8764452B0680}.Debug|Win32.ActiveCfg = Debug|Win32
		{5B93DE13-041C-214A-B6E1-8764452B0680}.Debug|Win32.Build.0 = Debug|Win32
		{5B93DE13-041C-214A-B6E1-8764452B0680}.Debug|x64.ActiveCfg = Debug|x64
		{5B93DE13-041C-214A-B6E1-8764452B0680}.Debug|x64.Build.0 = Debug|x64
		{40F1943D-05AF-8B42-9AB3-089AB6AA831E}.Release|Win32.ActiveCfg = Release|Win32
		{40F1943D-05AF-8B42-9AB3-089AB6AA831E}.Release|Win32.Build.0 = Release|Win32
		{40F1943D-05AF-8B42-9AB3-089AB6AA831E}.Release|x64.ActiveCfg = Release|x64
		{40F1943D-05AF-8B42-9AB3-089AB6AA831E}.Release|x64.Build.0 = Release|x64
		{40F1943D-05AF-8B42-9AB3-089AB6AA831E}.Debug|Win32.ActiveCfg = Debug|Win32
		{40F1943D-05AF-8B42-9AB3-089AB6AA831E}.Debug|Win32.Build.0 = Debug|Win32
		{40F1943D-05AF-8B42-9AB3-089AB6AA831E}.Debug|x64.ActiveCfg = Debug|x64
		{40F1943D-05AF-8B42-9AB3-089AB6AA831E}.Debug|x64.Build.0 = Debug|x64
		{EAEFB7D9-FE51-EA4F-8EE3-900C4231BD92}.Release|Win32.ActiveCfg = Release|Win32
		{EAEFB7D9-FE51-EA4F-8EE3-900C4231BD92}.Release|Win32.Build.0 = Release|Win32
		{EAEFB7D9-FE51-EA4F-8EE3-900C4231BD92}.Release|x64.ActiveCfg = Release|x64
		{EAEFB7D9-FE51-EA4F-8EE3-900C4231BD92}.Release|x64.Build.0 = Release|x64
		{EAEFB7D9-FE51-EA4F-8EE3-900C4231BD92}.Debug|Win32.ActiveCfg = Debug|Win32
		{EAEFB7D9-FE51-EA4F-8EE3-900C4231BD92}.Debug|Win32.Build.0 = Debug|Win32
		{EAEFB7D9-FE51-EA4F-8EE3-900C4231BD92}.Debug|x64.ActiveCfg = Debug|x64
		{EAEFB7D9-FE51-EA4F-8EE3-900C4231BD92}.Debug|x64.Build.0 = Debug|x64
		{9BF75162-CF1C-684C-99BD-85E6652AF18E}.Release|Win32.ActiveCfg = Release|Win32
		{9BF75162-CF1C-684C-99BD-85E6652AF18E}.Release|Win32.Build.0 = Release|Win32
		{9BF75162-CF1C-684C-99BD-85E6652AF18E}.Release|x64.ActiveCfg = Release|x64
		{9BF75162-CF1C-684C-99BD-85E6652AF18E}.Release|x64.Build.0 = Release|x64
		{9BF75162-CF1C-684C-99BD-85E6652AF18E}.Debug|Win32.ActiveCfg = Debug|Win32
		{9BF75162-CF1C-684C-99BD-85E6652AF18E}.Debug|Win32.Build.0 = Debug|Win32
		{9BF75162-CF1C-684C-99BD-85E6652AF18E}.Debug|x64.ActiveCfg = Debug|x64
		{9BF75162-CF1C-684C-99BD-85E6652AF18E}.Debug|x64.Build.0 = Debug|x64
		{7C62FC75-E165-8F47-AA58-F268ACD07E43}.Release|Win32.ActiveCfg = Release|Win32
		{7C62FC75-E165-8F47-AA58-F268ACD07E43}.Release|Win32.Build.0 = Release|Win32
		{7C62FC75-E165-8F47-AA58-F268ACD07E43}.Release|x64.ActiveCfg = Release|x64
		{7C62FC75-E165-8F47-AA58-F268ACD07E43}.Release|x64.Build.0 = Release|x64
		{7C62FC75-E165-8F47-AA58-F268ACD07E43}.Debug|Win32.ActiveCfg = Debug|Win32
		{7C62FC75-E165-8F47-AA58-F268ACD07E43}.Debug|Win32.Build.0 = Debug|Win32
		{7C62FC75-E165-8F47-AA58-F268ACD07E43}.Debug|x64.ActiveCfg = Debug|x64
		{7C62FC75-E165-8F47-AA58-F268ACD07E43}.Debug|x64.Build.0 = Debug|x64
		{C8DF71F5-E686-5541-BF0E-6D8D4D925C12}.Release|Win32.ActiveCfg = Release|Win32
		{C8DF71F5-E686-5541-BF0E-6D8D4D925C12}.Release|Win32.Build.0 = Release|Win32
		{C8DF71F5-E686-5541-BF0E-6D8D4D925C12}.Release|x64.ActiveCfg = Release|x64
		{C8DF71F5-E686-5541-BF0E-6D8D4D925C12}.Release|x64.Build.0 = Release|x64
		{C8DF71F5-E686-5541-BF0E-6D8D4D925C12}.Debug|Win32.ActiveCfg = Debug|Win32
		{C8DF71F5-E686-5541-BF0E-6D8D4D925C12}.Debug|Win32.Build.0 = Debug|Win32
		{C8DF71F5-E686-5541-BF0E-6D8D4D925C12}.Debug|x64.ActiveCfg = Debug|x64
		{C8DF71F5-E686-5541-BF0E-6D8D4D925C12}.Debug|x64.Build.0 = Debug|x64
		{4EBEE4FA-2BC1-6941-8011-4BFC9D3C7D4A}.Release|Win32.ActiveCfg = Release|Win32
		{4EBEE4FA-2BC1-6941-8011-4BFC9D3C7D4A}.Release|Win32.Build.0 = Release|Win32
		{4EBEE4FA-2BC1-6941-8011-4BFC9D3C7D4A}.Release|x64.ActiveCfg = Release|x64
		{4EBEE4FA-2BC1-6941-8011-4BFC9D3C7D4A}.Release|x64.Build.0 = Release|x64
		{4EBEE4FA-2BC1-6941-8011-4BFC9D3C7D4A}.Debug|Win32.ActiveCfg = Debug|Win32
		{4EBEE4FA-2BC1-6941-8011-4BFC9D3C7D4A}.Debug|Win32.Build.0 = Debug|Win32
		{4EBEE4FA-2BC1-6941-8011-4BFC9D3C7D4A}.Debug|x64.ActiveCfg = Debug|x64
		{4EBEE4FA-2BC1-6941-8011-4BFC9D3C7D4A}.Debug|x64.Build.0 = Debug|x64
	EndGlobalSection
	GlobalSection(SolutionProperties) = preSolution
		HideSolutionNode = FALSE
	EndGlobalSection
EndGlobal
